// !$*UTF8*$!
{
	archiveVersion = 1;
	classes = {
	};
	objectVersion = 51;
	objects = {

/* Begin PBXBuildFile section */
		5B4F10282619FD600031C7F9 /* AppDelegate.swift in Sources */ = {isa = PBXBuildFile; fileRef = 5B4F10272619FD600031C7F9 /* AppDelegate.swift */; };
		5B4F102A2619FD600031C7F9 /* SceneDelegate.swift in Sources */ = {isa = PBXBuildFile; fileRef = 5B4F10292619FD600031C7F9 /* SceneDelegate.swift */; };
		5B4F10342619FD610031C7F9 /* LaunchScreen.storyboard in Resources */ = {isa = PBXBuildFile; fileRef = 5B4F10322619FD610031C7F9 /* LaunchScreen.storyboard */; };
		5B4F1047261A0E7E0031C7F9 /* CreateAccountVC.swift in Sources */ = {isa = PBXBuildFile; fileRef = 5B4F1045261A0E7E0031C7F9 /* CreateAccountVC.swift */; };
		5B4F1048261A0E7E0031C7F9 /* CreateAccountVC.xib in Resources */ = {isa = PBXBuildFile; fileRef = 5B4F1046261A0E7E0031C7F9 /* CreateAccountVC.xib */; };
		5B7BD927261B18B800AF1253 /* UITextField+Extension.swift in Sources */ = {isa = PBXBuildFile; fileRef = 5B7BD926261B18B800AF1253 /* UITextField+Extension.swift */; };
		5B7BD92A261B201800AF1253 /* Constants.swift in Sources */ = {isa = PBXBuildFile; fileRef = 5B7BD929261B201800AF1253 /* Constants.swift */; };
		5B83D628261C503F00A50228 /* PickerTF.swift in Sources */ = {isa = PBXBuildFile; fileRef = 5B83D627261C503F00A50228 /* PickerTF.swift */; };
		5B83D62F261C6BA600A50228 /* ContactUsVC.swift in Sources */ = {isa = PBXBuildFile; fileRef = 5B83D62D261C6BA600A50228 /* ContactUsVC.swift */; };
		5B83D630261C6BA600A50228 /* ContactUsVC.xib in Resources */ = {isa = PBXBuildFile; fileRef = 5B83D62E261C6BA600A50228 /* ContactUsVC.xib */; };
		5B83D637261C7B3000A50228 /* ComplainVC.swift in Sources */ = {isa = PBXBuildFile; fileRef = 5B83D635261C7B3000A50228 /* ComplainVC.swift */; };
		5B83D638261C7B3000A50228 /* ComplainVC.xib in Resources */ = {isa = PBXBuildFile; fileRef = 5B83D636261C7B3000A50228 /* ComplainVC.xib */; };
		5B83D643261C8F2400A50228 /* ReturnOrderVC.swift in Sources */ = {isa = PBXBuildFile; fileRef = 5B83D641261C8F2400A50228 /* ReturnOrderVC.swift */; };
		5B83D644261C8F2400A50228 /* ReturnOrderVC.xib in Resources */ = {isa = PBXBuildFile; fileRef = 5B83D642261C8F2400A50228 /* ReturnOrderVC.xib */; };
		5B83D657261C941B00A50228 /* ReusableView.swift in Sources */ = {isa = PBXBuildFile; fileRef = 5B83D656261C941B00A50228 /* ReusableView.swift */; };
		5BD201BB261B5BCD00E9935D /* SettingsVC.swift in Sources */ = {isa = PBXBuildFile; fileRef = 5BD201B9261B5BCD00E9935D /* SettingsVC.swift */; };
		5BD201BC261B5BCD00E9935D /* SettingsVC.xib in Resources */ = {isa = PBXBuildFile; fileRef = 5BD201BA261B5BCD00E9935D /* SettingsVC.xib */; };
		5BE0FAB326231EA5002F22F2 /* SetRootVC.swift in Sources */ = {isa = PBXBuildFile; fileRef = 5BE0FAB226231EA5002F22F2 /* SetRootVC.swift */; };
		5BFB126A261F054F00FB655E /* BaseVC.swift in Sources */ = {isa = PBXBuildFile; fileRef = 5BFB1269261F054F00FB655E /* BaseVC.swift */; };
		5BFB1271261F056C00FB655E /* SideMenuVC.swift in Sources */ = {isa = PBXBuildFile; fileRef = 5BFB126C261F056C00FB655E /* SideMenuVC.swift */; };
		5BFB1272261F056C00FB655E /* SideMenuCell.xib in Resources */ = {isa = PBXBuildFile; fileRef = 5BFB126E261F056C00FB655E /* SideMenuCell.xib */; };
		5BFB1273261F056C00FB655E /* SideMenuCell.swift in Sources */ = {isa = PBXBuildFile; fileRef = 5BFB126F261F056C00FB655E /* SideMenuCell.swift */; };
		5BFB1274261F056C00FB655E /* SideMenuVC.xib in Resources */ = {isa = PBXBuildFile; fileRef = 5BFB1270261F056C00FB655E /* SideMenuVC.xib */; };
		5BFB1279261F065200FB655E /* UIImageView+Extension.swift in Sources */ = {isa = PBXBuildFile; fileRef = 5BFB1278261F065200FB655E /* UIImageView+Extension.swift */; };
		5BFB12A7261F07C600FB655E /* FillInfoVC.xib in Resources */ = {isa = PBXBuildFile; fileRef = 5BFB1299261F07C600FB655E /* FillInfoVC.xib */; };
		5BFB12A8261F07C600FB655E /* FillInfoVC.swift in Sources */ = {isa = PBXBuildFile; fileRef = 5BFB129A261F07C600FB655E /* FillInfoVC.swift */; };
		5BFB12A9261F07C600FB655E /* OrderCell.xib in Resources */ = {isa = PBXBuildFile; fileRef = 5BFB129D261F07C600FB655E /* OrderCell.xib */; };
		5BFB12AA261F07C600FB655E /* OrderCell.swift in Sources */ = {isa = PBXBuildFile; fileRef = 5BFB129E261F07C600FB655E /* OrderCell.swift */; };
		5BFB12AB261F07C600FB655E /* OrdersVC.swift in Sources */ = {isa = PBXBuildFile; fileRef = 5BFB129F261F07C600FB655E /* OrdersVC.swift */; };
		5BFB12AC261F07C600FB655E /* OrdersVC.xib in Resources */ = {isa = PBXBuildFile; fileRef = 5BFB12A0261F07C600FB655E /* OrdersVC.xib */; };
		5BFB12AD261F07C600FB655E /* AddressCell.xib in Resources */ = {isa = PBXBuildFile; fileRef = 5BFB12A3261F07C600FB655E /* AddressCell.xib */; };
		5BFB12AE261F07C600FB655E /* AddressCell.swift in Sources */ = {isa = PBXBuildFile; fileRef = 5BFB12A4261F07C600FB655E /* AddressCell.swift */; };
		5BFB12AF261F07C600FB655E /* AddressesVC.swift in Sources */ = {isa = PBXBuildFile; fileRef = 5BFB12A5261F07C600FB655E /* AddressesVC.swift */; };
		5BFB12B0261F07C600FB655E /* AddressesVC.xib in Resources */ = {isa = PBXBuildFile; fileRef = 5BFB12A6261F07C600FB655E /* AddressesVC.xib */; };
		5BFB12C6261F14F200FB655E /* SideMenuDelegate.swift in Sources */ = {isa = PBXBuildFile; fileRef = 5BFB12C5261F14F200FB655E /* SideMenuDelegate.swift */; };
		69F9E52927DBB5B552BCAFB0 /* Pods_Tasfya.framework in Frameworks */ = {isa = PBXBuildFile; fileRef = F8B1078CAC60197FBC368C71 /* Pods_Tasfya.framework */; };
		C500DF2F261B526B00CF576E /* NotLoggedVC.swift in Sources */ = {isa = PBXBuildFile; fileRef = C500DF2D261B526A00CF576E /* NotLoggedVC.swift */; };
		C500DF30261B526B00CF576E /* NotLoggedVC.xib in Resources */ = {isa = PBXBuildFile; fileRef = C500DF2E261B526A00CF576E /* NotLoggedVC.xib */; };
		C53CA9BB2620671D00B02340 /* SizeCell.swift in Sources */ = {isa = PBXBuildFile; fileRef = C53CA9B92620671D00B02340 /* SizeCell.swift */; };
		C53CA9BC2620671D00B02340 /* SizeCell.xib in Resources */ = {isa = PBXBuildFile; fileRef = C53CA9BA2620671D00B02340 /* SizeCell.xib */; };
		C5499BD8261F0EC4001FCFCA /* ProductPageVC.swift in Sources */ = {isa = PBXBuildFile; fileRef = C5499BD6261F0EC4001FCFCA /* ProductPageVC.swift */; };
		C5499BD9261F0EC4001FCFCA /* ProductPageVC.xib in Resources */ = {isa = PBXBuildFile; fileRef = C5499BD7261F0EC4001FCFCA /* ProductPageVC.xib */; };
		C5499BDF261F1BE2001FCFCA /* ProductImgCell.swift in Sources */ = {isa = PBXBuildFile; fileRef = C5499BDD261F1BE2001FCFCA /* ProductImgCell.swift */; };
		C5499BE0261F1BE2001FCFCA /* ProductImgCell.xib in Resources */ = {isa = PBXBuildFile; fileRef = C5499BDE261F1BE2001FCFCA /* ProductImgCell.xib */; };
		C5B66787261C7490000997D8 /* LoginVC.swift in Sources */ = {isa = PBXBuildFile; fileRef = C5B66785261C7490000997D8 /* LoginVC.swift */; };
		C5B66788261C7490000997D8 /* LoginVC.xib in Resources */ = {isa = PBXBuildFile; fileRef = C5B66786261C7490000997D8 /* LoginVC.xib */; };
		C5B6678C261C8AAF000997D8 /* Assets.xcassets in Resources */ = {isa = PBXBuildFile; fileRef = C5B6678B261C8AAF000997D8 /* Assets.xcassets */; };
		C5B66791261C9D53000997D8 /* VerifyVC.swift in Sources */ = {isa = PBXBuildFile; fileRef = C5B6678F261C9D53000997D8 /* VerifyVC.swift */; };
		C5B66792261C9D53000997D8 /* VerifyVC.xib in Resources */ = {isa = PBXBuildFile; fileRef = C5B66790261C9D53000997D8 /* VerifyVC.xib */; };
		C5CFFC89261A05F70094AA9A /* AccountSettingsVC.swift in Sources */ = {isa = PBXBuildFile; fileRef = C5CFFC87261A05F70094AA9A /* AccountSettingsVC.swift */; };
		C5CFFC8A261A05F70094AA9A /* AccountSettingsVC.xib in Resources */ = {isa = PBXBuildFile; fileRef = C5CFFC88261A05F70094AA9A /* AccountSettingsVC.xib */; };
/* End PBXBuildFile section */

/* Begin PBXFileReference section */
		5ABE929916A47450FD4B1CE3 /* Pods-Tasfya.release.xcconfig */ = {isa = PBXFileReference; includeInIndex = 1; lastKnownFileType = text.xcconfig; name = "Pods-Tasfya.release.xcconfig"; path = "Target Support Files/Pods-Tasfya/Pods-Tasfya.release.xcconfig"; sourceTree = "<group>"; };
		5B4F10242619FD600031C7F9 /* Tasfya.app */ = {isa = PBXFileReference; explicitFileType = wrapper.application; includeInIndex = 0; path = Tasfya.app; sourceTree = BUILT_PRODUCTS_DIR; };
		5B4F10272619FD600031C7F9 /* AppDelegate.swift */ = {isa = PBXFileReference; lastKnownFileType = sourcecode.swift; path = AppDelegate.swift; sourceTree = "<group>"; };
		5B4F10292619FD600031C7F9 /* SceneDelegate.swift */ = {isa = PBXFileReference; lastKnownFileType = sourcecode.swift; path = SceneDelegate.swift; sourceTree = "<group>"; };
		5B4F10332619FD610031C7F9 /* Base */ = {isa = PBXFileReference; lastKnownFileType = file.storyboard; name = Base; path = Base.lproj/LaunchScreen.storyboard; sourceTree = "<group>"; };
		5B4F10352619FD610031C7F9 /* Info.plist */ = {isa = PBXFileReference; lastKnownFileType = text.plist.xml; path = Info.plist; sourceTree = "<group>"; };
		5B4F1045261A0E7E0031C7F9 /* CreateAccountVC.swift */ = {isa = PBXFileReference; lastKnownFileType = sourcecode.swift; path = CreateAccountVC.swift; sourceTree = "<group>"; };
		5B4F1046261A0E7E0031C7F9 /* CreateAccountVC.xib */ = {isa = PBXFileReference; lastKnownFileType = file.xib; path = CreateAccountVC.xib; sourceTree = "<group>"; };
		5B64FF3A261DE1C2007D350A /* FillInfoVC.swift */ = {isa = PBXFileReference; lastKnownFileType = sourcecode.swift; path = FillInfoVC.swift; sourceTree = "<group>"; };
		5B7BD926261B18B800AF1253 /* UITextField+Extension.swift */ = {isa = PBXFileReference; lastKnownFileType = sourcecode.swift; path = "UITextField+Extension.swift"; sourceTree = "<group>"; };
		5B7BD929261B201800AF1253 /* Constants.swift */ = {isa = PBXFileReference; lastKnownFileType = sourcecode.swift; path = Constants.swift; sourceTree = "<group>"; };
		5B83D627261C503F00A50228 /* PickerTF.swift */ = {isa = PBXFileReference; lastKnownFileType = sourcecode.swift; path = PickerTF.swift; sourceTree = "<group>"; };
		5B83D62D261C6BA600A50228 /* ContactUsVC.swift */ = {isa = PBXFileReference; lastKnownFileType = sourcecode.swift; path = ContactUsVC.swift; sourceTree = "<group>"; };
		5B83D62E261C6BA600A50228 /* ContactUsVC.xib */ = {isa = PBXFileReference; lastKnownFileType = file.xib; path = ContactUsVC.xib; sourceTree = "<group>"; };
		5B83D635261C7B3000A50228 /* ComplainVC.swift */ = {isa = PBXFileReference; lastKnownFileType = sourcecode.swift; path = ComplainVC.swift; sourceTree = "<group>"; };
		5B83D636261C7B3000A50228 /* ComplainVC.xib */ = {isa = PBXFileReference; lastKnownFileType = file.xib; path = ComplainVC.xib; sourceTree = "<group>"; };
		5B83D641261C8F2400A50228 /* ReturnOrderVC.swift */ = {isa = PBXFileReference; lastKnownFileType = sourcecode.swift; path = ReturnOrderVC.swift; sourceTree = "<group>"; };
		5B83D642261C8F2400A50228 /* ReturnOrderVC.xib */ = {isa = PBXFileReference; lastKnownFileType = file.xib; path = ReturnOrderVC.xib; sourceTree = "<group>"; };
		5B83D64A261C92A800A50228 /* OrdersVC.swift */ = {isa = PBXFileReference; lastKnownFileType = sourcecode.swift; path = OrdersVC.swift; sourceTree = "<group>"; };
		5B83D64B261C92A800A50228 /* OrdersVC.xib */ = {isa = PBXFileReference; lastKnownFileType = file.xib; path = OrdersVC.xib; sourceTree = "<group>"; };
		5B83D656261C941B00A50228 /* ReusableView.swift */ = {isa = PBXFileReference; lastKnownFileType = sourcecode.swift; path = ReusableView.swift; sourceTree = "<group>"; };
		5B83D65E261C9F4A00A50228 /* AddressCell.swift */ = {isa = PBXFileReference; lastKnownFileType = sourcecode.swift; path = AddressCell.swift; sourceTree = "<group>"; };
		5B83D65F261C9F4A00A50228 /* AddressCell.xib */ = {isa = PBXFileReference; lastKnownFileType = file.xib; path = AddressCell.xib; sourceTree = "<group>"; };
		5B83D665261C9F7600A50228 /* AddressesVC.swift */ = {isa = PBXFileReference; lastKnownFileType = sourcecode.swift; path = AddressesVC.swift; sourceTree = "<group>"; };
		5BD201B9261B5BCD00E9935D /* SettingsVC.swift */ = {isa = PBXFileReference; lastKnownFileType = sourcecode.swift; path = SettingsVC.swift; sourceTree = "<group>"; };
		5BD201BA261B5BCD00E9935D /* SettingsVC.xib */ = {isa = PBXFileReference; lastKnownFileType = file.xib; path = SettingsVC.xib; sourceTree = "<group>"; };
		5BE0FAB226231EA5002F22F2 /* SetRootVC.swift */ = {isa = PBXFileReference; lastKnownFileType = sourcecode.swift; path = SetRootVC.swift; sourceTree = "<group>"; };
		5BFB1269261F054F00FB655E /* BaseVC.swift */ = {isa = PBXFileReference; fileEncoding = 4; lastKnownFileType = sourcecode.swift; path = BaseVC.swift; sourceTree = "<group>"; };
		5BFB126C261F056C00FB655E /* SideMenuVC.swift */ = {isa = PBXFileReference; fileEncoding = 4; lastKnownFileType = sourcecode.swift; path = SideMenuVC.swift; sourceTree = "<group>"; };
		5BFB126E261F056C00FB655E /* SideMenuCell.xib */ = {isa = PBXFileReference; fileEncoding = 4; lastKnownFileType = file.xib; path = SideMenuCell.xib; sourceTree = "<group>"; };
		5BFB126F261F056C00FB655E /* SideMenuCell.swift */ = {isa = PBXFileReference; fileEncoding = 4; lastKnownFileType = sourcecode.swift; path = SideMenuCell.swift; sourceTree = "<group>"; };
		5BFB1270261F056C00FB655E /* SideMenuVC.xib */ = {isa = PBXFileReference; fileEncoding = 4; lastKnownFileType = file.xib; path = SideMenuVC.xib; sourceTree = "<group>"; };
		5BFB1278261F065200FB655E /* UIImageView+Extension.swift */ = {isa = PBXFileReference; fileEncoding = 4; lastKnownFileType = sourcecode.swift; path = "UIImageView+Extension.swift"; sourceTree = "<group>"; };
		5BFB1299261F07C600FB655E /* FillInfoVC.xib */ = {isa = PBXFileReference; fileEncoding = 4; lastKnownFileType = file.xib; path = FillInfoVC.xib; sourceTree = "<group>"; };
		5BFB129A261F07C600FB655E /* FillInfoVC.swift */ = {isa = PBXFileReference; fileEncoding = 4; lastKnownFileType = sourcecode.swift; path = FillInfoVC.swift; sourceTree = "<group>"; };
		5BFB129D261F07C600FB655E /* OrderCell.xib */ = {isa = PBXFileReference; fileEncoding = 4; lastKnownFileType = file.xib; path = OrderCell.xib; sourceTree = "<group>"; };
		5BFB129E261F07C600FB655E /* OrderCell.swift */ = {isa = PBXFileReference; fileEncoding = 4; lastKnownFileType = sourcecode.swift; path = OrderCell.swift; sourceTree = "<group>"; };
		5BFB129F261F07C600FB655E /* OrdersVC.swift */ = {isa = PBXFileReference; fileEncoding = 4; lastKnownFileType = sourcecode.swift; path = OrdersVC.swift; sourceTree = "<group>"; };
		5BFB12A0261F07C600FB655E /* OrdersVC.xib */ = {isa = PBXFileReference; fileEncoding = 4; lastKnownFileType = file.xib; path = OrdersVC.xib; sourceTree = "<group>"; };
		5BFB12A3261F07C600FB655E /* AddressCell.xib */ = {isa = PBXFileReference; fileEncoding = 4; lastKnownFileType = file.xib; path = AddressCell.xib; sourceTree = "<group>"; };
		5BFB12A4261F07C600FB655E /* AddressCell.swift */ = {isa = PBXFileReference; fileEncoding = 4; lastKnownFileType = sourcecode.swift; path = AddressCell.swift; sourceTree = "<group>"; };
		5BFB12A5261F07C600FB655E /* AddressesVC.swift */ = {isa = PBXFileReference; fileEncoding = 4; lastKnownFileType = sourcecode.swift; path = AddressesVC.swift; sourceTree = "<group>"; };
		5BFB12A6261F07C600FB655E /* AddressesVC.xib */ = {isa = PBXFileReference; fileEncoding = 4; lastKnownFileType = file.xib; path = AddressesVC.xib; sourceTree = "<group>"; };
		5BFB12C5261F14F200FB655E /* SideMenuDelegate.swift */ = {isa = PBXFileReference; lastKnownFileType = sourcecode.swift; path = SideMenuDelegate.swift; sourceTree = "<group>"; };
		C200C44EC326BE2CEFB943C9 /* Pods-Tasfya.debug.xcconfig */ = {isa = PBXFileReference; includeInIndex = 1; lastKnownFileType = text.xcconfig; name = "Pods-Tasfya.debug.xcconfig"; path = "Target Support Files/Pods-Tasfya/Pods-Tasfya.debug.xcconfig"; sourceTree = "<group>"; };
		C500DF2D261B526A00CF576E /* NotLoggedVC.swift */ = {isa = PBXFileReference; lastKnownFileType = sourcecode.swift; path = NotLoggedVC.swift; sourceTree = "<group>"; };
		C500DF2E261B526A00CF576E /* NotLoggedVC.xib */ = {isa = PBXFileReference; lastKnownFileType = file.xib; path = NotLoggedVC.xib; sourceTree = "<group>"; };
		C53CA9B92620671D00B02340 /* SizeCell.swift */ = {isa = PBXFileReference; lastKnownFileType = sourcecode.swift; path = SizeCell.swift; sourceTree = "<group>"; };
		C53CA9BA2620671D00B02340 /* SizeCell.xib */ = {isa = PBXFileReference; lastKnownFileType = file.xib; path = SizeCell.xib; sourceTree = "<group>"; };
		C5499BD6261F0EC4001FCFCA /* ProductPageVC.swift */ = {isa = PBXFileReference; lastKnownFileType = sourcecode.swift; path = ProductPageVC.swift; sourceTree = "<group>"; };
		C5499BD7261F0EC4001FCFCA /* ProductPageVC.xib */ = {isa = PBXFileReference; lastKnownFileType = file.xib; path = ProductPageVC.xib; sourceTree = "<group>"; };
		C5499BDD261F1BE2001FCFCA /* ProductImgCell.swift */ = {isa = PBXFileReference; lastKnownFileType = sourcecode.swift; path = ProductImgCell.swift; sourceTree = "<group>"; };
		C5499BDE261F1BE2001FCFCA /* ProductImgCell.xib */ = {isa = PBXFileReference; lastKnownFileType = file.xib; path = ProductImgCell.xib; sourceTree = "<group>"; };
		C5B66785261C7490000997D8 /* LoginVC.swift */ = {isa = PBXFileReference; lastKnownFileType = sourcecode.swift; path = LoginVC.swift; sourceTree = "<group>"; };
		C5B66786261C7490000997D8 /* LoginVC.xib */ = {isa = PBXFileReference; lastKnownFileType = file.xib; path = LoginVC.xib; sourceTree = "<group>"; };
		C5B6678B261C8AAF000997D8 /* Assets.xcassets */ = {isa = PBXFileReference; lastKnownFileType = folder.assetcatalog; path = Assets.xcassets; sourceTree = "<group>"; };
		C5B6678F261C9D53000997D8 /* VerifyVC.swift */ = {isa = PBXFileReference; lastKnownFileType = sourcecode.swift; path = VerifyVC.swift; sourceTree = "<group>"; };
		C5B66790261C9D53000997D8 /* VerifyVC.xib */ = {isa = PBXFileReference; lastKnownFileType = file.xib; path = VerifyVC.xib; sourceTree = "<group>"; };
		C5CFFC87261A05F70094AA9A /* AccountSettingsVC.swift */ = {isa = PBXFileReference; lastKnownFileType = sourcecode.swift; path = AccountSettingsVC.swift; sourceTree = "<group>"; };
		C5CFFC88261A05F70094AA9A /* AccountSettingsVC.xib */ = {isa = PBXFileReference; lastKnownFileType = file.xib; path = AccountSettingsVC.xib; sourceTree = "<group>"; };
		F8B1078CAC60197FBC368C71 /* Pods_Tasfya.framework */ = {isa = PBXFileReference; explicitFileType = wrapper.framework; includeInIndex = 0; path = Pods_Tasfya.framework; sourceTree = BUILT_PRODUCTS_DIR; };
/* End PBXFileReference section */

/* Begin PBXFrameworksBuildPhase section */
		5B4F10212619FD600031C7F9 /* Frameworks */ = {
			isa = PBXFrameworksBuildPhase;
			buildActionMask = 2147483647;
			files = (
				69F9E52927DBB5B552BCAFB0 /* Pods_Tasfya.framework in Frameworks */,
			);
			runOnlyForDeploymentPostprocessing = 0;
		};
/* End PBXFrameworksBuildPhase section */

/* Begin PBXGroup section */
		025354C188C701FD8908A729 /* Frameworks */ = {
			isa = PBXGroup;
			children = (
				F8B1078CAC60197FBC368C71 /* Pods_Tasfya.framework */,
			);
			name = Frameworks;
			sourceTree = "<group>";
		};
		5B4F101B2619FD600031C7F9 = {
			isa = PBXGroup;
			children = (
				5B4F10262619FD600031C7F9 /* Tasfya */,
				5B4F10252619FD600031C7F9 /* Products */,
				6F05DB0DB28B498228E21654 /* Pods */,
				025354C188C701FD8908A729 /* Frameworks */,
				5BFB1267261F046300FB655E /* Recovered References */,
			);
			sourceTree = "<group>";
		};
		5B4F10252619FD600031C7F9 /* Products */ = {
			isa = PBXGroup;
			children = (
				5B4F10242619FD600031C7F9 /* Tasfya.app */,
			);
			name = Products;
			sourceTree = "<group>";
		};
		5B4F10262619FD600031C7F9 /* Tasfya */ = {
			isa = PBXGroup;
			children = (
				5B83D626261C501700A50228 /* Helpers */,
				5B4F10422619FDCF0031C7F9 /* Extensions */,
				5B4F10412619FDC80031C7F9 /* Scenes */,
				5B4F103F2619FDBE0031C7F9 /* SupportFiles */,
			);
			path = Tasfya;
			sourceTree = "<group>";
		};
		5B4F103F2619FDBE0031C7F9 /* SupportFiles */ = {
			isa = PBXGroup;
			children = (
				5B4F10272619FD600031C7F9 /* AppDelegate.swift */,
				5B4F10292619FD600031C7F9 /* SceneDelegate.swift */,
				5B4F10322619FD610031C7F9 /* LaunchScreen.storyboard */,
				5B4F10352619FD610031C7F9 /* Info.plist */,
				C5B6678B261C8AAF000997D8 /* Assets.xcassets */,
			);
			path = SupportFiles;
			sourceTree = "<group>";
		};
		5B4F10412619FDC80031C7F9 /* Scenes */ = {
			isa = PBXGroup;
			children = (
				C5499BD5261F0E89001FCFCA /* Product page */,
				5BFB12A1261F07C600FB655E /* Address */,
				5BFB1298261F07C600FB655E /* FillInfo */,
				5BFB129B261F07C600FB655E /* Orders */,
				5BFB126B261F056C00FB655E /* SideMenu */,
				5BFB1269261F054F00FB655E /* BaseVC.swift */,
				C5B6678E261C9D1C000997D8 /* Verification code */,
				C5B66784261C7465000997D8 /* Login */,
				C500DF2C261B51D800CF576E /* NotLoggedIn */,
				C5CFFC80261A02B30094AA9A /* Account Settings */,
				5B83D634261C7B1400A50228 /* Complain */,
				5B83D62C261C6B8200A50228 /* ContactUs */,
				5B4F1044261A0E400031C7F9 /* CreateAccount */,
				5B83D640261C8F0900A50228 /* ReturnOrder */,
				5BD201BE261B5BD700E9935D /* Settings */,
			);
			path = Scenes;
			sourceTree = "<group>";
		};
		5B4F10422619FDCF0031C7F9 /* Extensions */ = {
			isa = PBXGroup;
			children = (
				5BFB1278261F065200FB655E /* UIImageView+Extension.swift */,
				5B7BD926261B18B800AF1253 /* UITextField+Extension.swift */,
			);
			path = Extensions;
			sourceTree = "<group>";
		};
		5B4F1044261A0E400031C7F9 /* CreateAccount */ = {
			isa = PBXGroup;
			children = (
				5B4F1045261A0E7E0031C7F9 /* CreateAccountVC.swift */,
				5B4F1046261A0E7E0031C7F9 /* CreateAccountVC.xib */,
			);
			path = CreateAccount;
			sourceTree = "<group>";
		};
		5B83D626261C501700A50228 /* Helpers */ = {
			isa = PBXGroup;
			children = (
				5B7BD929261B201800AF1253 /* Constants.swift */,
				5B83D627261C503F00A50228 /* PickerTF.swift */,
				5B83D656261C941B00A50228 /* ReusableView.swift */,
				5BFB12C5261F14F200FB655E /* SideMenuDelegate.swift */,
				5BE0FAB226231EA5002F22F2 /* SetRootVC.swift */,
			);
			path = Helpers;
			sourceTree = "<group>";
		};
		5B83D62C261C6B8200A50228 /* ContactUs */ = {
			isa = PBXGroup;
			children = (
				5B83D62D261C6BA600A50228 /* ContactUsVC.swift */,
				5B83D62E261C6BA600A50228 /* ContactUsVC.xib */,
			);
			path = ContactUs;
			sourceTree = "<group>";
		};
		5B83D634261C7B1400A50228 /* Complain */ = {
			isa = PBXGroup;
			children = (
				5B83D635261C7B3000A50228 /* ComplainVC.swift */,
				5B83D636261C7B3000A50228 /* ComplainVC.xib */,
			);
			path = Complain;
			sourceTree = "<group>";
		};
		5B83D640261C8F0900A50228 /* ReturnOrder */ = {
			isa = PBXGroup;
			children = (
				5B83D641261C8F2400A50228 /* ReturnOrderVC.swift */,
				5B83D642261C8F2400A50228 /* ReturnOrderVC.xib */,
			);
			path = ReturnOrder;
			sourceTree = "<group>";
		};
		5BD201BE261B5BD700E9935D /* Settings */ = {
			isa = PBXGroup;
			children = (
				5BD201B9261B5BCD00E9935D /* SettingsVC.swift */,
				5BD201BA261B5BCD00E9935D /* SettingsVC.xib */,
			);
			path = Settings;
			sourceTree = "<group>";
		};
		5BFB1267261F046300FB655E /* Recovered References */ = {
			isa = PBXGroup;
			children = (
				5B83D65E261C9F4A00A50228 /* AddressCell.swift */,
				5B83D64A261C92A800A50228 /* OrdersVC.swift */,
				5B83D665261C9F7600A50228 /* AddressesVC.swift */,
				5B64FF3A261DE1C2007D350A /* FillInfoVC.swift */,
				5B83D64B261C92A800A50228 /* OrdersVC.xib */,
				5B83D65F261C9F4A00A50228 /* AddressCell.xib */,
			);
			name = "Recovered References";
			sourceTree = "<group>";
		};
		5BFB126B261F056C00FB655E /* SideMenu */ = {
			isa = PBXGroup;
			children = (
				5BFB126D261F056C00FB655E /* Cells */,
				5BFB126C261F056C00FB655E /* SideMenuVC.swift */,
				5BFB1270261F056C00FB655E /* SideMenuVC.xib */,
			);
			path = SideMenu;
			sourceTree = "<group>";
		};
		5BFB126D261F056C00FB655E /* Cells */ = {
			isa = PBXGroup;
			children = (
				5BFB126E261F056C00FB655E /* SideMenuCell.xib */,
				5BFB126F261F056C00FB655E /* SideMenuCell.swift */,
			);
			path = Cells;
			sourceTree = "<group>";
		};
		5BFB1298261F07C600FB655E /* FillInfo */ = {
			isa = PBXGroup;
			children = (
				5BFB1299261F07C600FB655E /* FillInfoVC.xib */,
				5BFB129A261F07C600FB655E /* FillInfoVC.swift */,
			);
			path = FillInfo;
			sourceTree = "<group>";
		};
		5BFB129B261F07C600FB655E /* Orders */ = {
			isa = PBXGroup;
			children = (
				5BFB129C261F07C600FB655E /* Cells */,
				5BFB129F261F07C600FB655E /* OrdersVC.swift */,
				5BFB12A0261F07C600FB655E /* OrdersVC.xib */,
			);
			path = Orders;
			sourceTree = "<group>";
		};
		5BFB129C261F07C600FB655E /* Cells */ = {
			isa = PBXGroup;
			children = (
				5BFB129D261F07C600FB655E /* OrderCell.xib */,
				5BFB129E261F07C600FB655E /* OrderCell.swift */,
			);
			path = Cells;
			sourceTree = "<group>";
		};
		5BFB12A1261F07C600FB655E /* Address */ = {
			isa = PBXGroup;
			children = (
				5BFB12A2261F07C600FB655E /* Cells */,
				5BFB12A5261F07C600FB655E /* AddressesVC.swift */,
				5BFB12A6261F07C600FB655E /* AddressesVC.xib */,
			);
			path = Address;
			sourceTree = "<group>";
		};
		5BFB12A2261F07C600FB655E /* Cells */ = {
			isa = PBXGroup;
			children = (
				5BFB12A3261F07C600FB655E /* AddressCell.xib */,
				5BFB12A4261F07C600FB655E /* AddressCell.swift */,
			);
			path = Cells;
			sourceTree = "<group>";
		};
		6F05DB0DB28B498228E21654 /* Pods */ = {
			isa = PBXGroup;
			children = (
				C200C44EC326BE2CEFB943C9 /* Pods-Tasfya.debug.xcconfig */,
				5ABE929916A47450FD4B1CE3 /* Pods-Tasfya.release.xcconfig */,
			);
			path = Pods;
			sourceTree = "<group>";
		};
		C500DF2C261B51D800CF576E /* NotLoggedIn */ = {
			isa = PBXGroup;
			children = (
				C500DF2D261B526A00CF576E /* NotLoggedVC.swift */,
				C500DF2E261B526A00CF576E /* NotLoggedVC.xib */,
			);
			path = NotLoggedIn;
			sourceTree = "<group>";
		};
		C5499BD5261F0E89001FCFCA /* Product page */ = {
			isa = PBXGroup;
			children = (
				C5499BDC261F1B7C001FCFCA /* Cells */,
				C5499BD6261F0EC4001FCFCA /* ProductPageVC.swift */,
				C5499BD7261F0EC4001FCFCA /* ProductPageVC.xib */,
			);
			path = "Product page";
			sourceTree = "<group>";
		};
		C5499BDC261F1B7C001FCFCA /* Cells */ = {
			isa = PBXGroup;
			children = (
				C5499BDD261F1BE2001FCFCA /* ProductImgCell.swift */,
				C5499BDE261F1BE2001FCFCA /* ProductImgCell.xib */,
				C53CA9B92620671D00B02340 /* SizeCell.swift */,
				C53CA9BA2620671D00B02340 /* SizeCell.xib */,
			);
			path = Cells;
			sourceTree = "<group>";
		};
		C5B66784261C7465000997D8 /* Login */ = {
			isa = PBXGroup;
			children = (
				C5B66785261C7490000997D8 /* LoginVC.swift */,
				C5B66786261C7490000997D8 /* LoginVC.xib */,
			);
			path = Login;
			sourceTree = "<group>";
		};
		C5B6678E261C9D1C000997D8 /* Verification code */ = {
			isa = PBXGroup;
			children = (
				C5B6678F261C9D53000997D8 /* VerifyVC.swift */,
				C5B66790261C9D53000997D8 /* VerifyVC.xib */,
			);
			path = "Verification code";
			sourceTree = "<group>";
		};
		C5CFFC80261A02B30094AA9A /* Account Settings */ = {
			isa = PBXGroup;
			children = (
				C5CFFC87261A05F70094AA9A /* AccountSettingsVC.swift */,
				C5CFFC88261A05F70094AA9A /* AccountSettingsVC.xib */,
			);
			path = "Account Settings";
			sourceTree = "<group>";
		};
/* End PBXGroup section */

/* Begin PBXNativeTarget section */
		5B4F10232619FD600031C7F9 /* Tasfya */ = {
			isa = PBXNativeTarget;
			buildConfigurationList = 5B4F10382619FD610031C7F9 /* Build configuration list for PBXNativeTarget "Tasfya" */;
			buildPhases = (
				9CD75B6F2C43BFCAF373664A /* [CP] Check Pods Manifest.lock */,
				5B4F10202619FD600031C7F9 /* Sources */,
				5B4F10212619FD600031C7F9 /* Frameworks */,
				5B4F10222619FD600031C7F9 /* Resources */,
				766ADF243C4C81FDCEA28985 /* [CP] Embed Pods Frameworks */,
			);
			buildRules = (
			);
			dependencies = (
			);
			name = Tasfya;
			productName = Tasfya;
			productReference = 5B4F10242619FD600031C7F9 /* Tasfya.app */;
			productType = "com.apple.product-type.application";
		};
/* End PBXNativeTarget section */

/* Begin PBXProject section */
		5B4F101C2619FD600031C7F9 /* Project object */ = {
			isa = PBXProject;
			attributes = {
				LastSwiftUpdateCheck = 1240;
				LastUpgradeCheck = 1240;
				TargetAttributes = {
					5B4F10232619FD600031C7F9 = {
						CreatedOnToolsVersion = 12.4;
					};
				};
			};
			buildConfigurationList = 5B4F101F2619FD600031C7F9 /* Build configuration list for PBXProject "Tasfya" */;
			compatibilityVersion = "Xcode 9.3";
			developmentRegion = en;
			hasScannedForEncodings = 0;
			knownRegions = (
				en,
				Base,
			);
			mainGroup = 5B4F101B2619FD600031C7F9;
			productRefGroup = 5B4F10252619FD600031C7F9 /* Products */;
			projectDirPath = "";
			projectRoot = "";
			targets = (
				5B4F10232619FD600031C7F9 /* Tasfya */,
			);
		};
/* End PBXProject section */

/* Begin PBXResourcesBuildPhase section */
		5B4F10222619FD600031C7F9 /* Resources */ = {
			isa = PBXResourcesBuildPhase;
			buildActionMask = 2147483647;
			files = (
				C5B66788261C7490000997D8 /* LoginVC.xib in Resources */,
				C53CA9BC2620671D00B02340 /* SizeCell.xib in Resources */,
				5BFB12AD261F07C600FB655E /* AddressCell.xib in Resources */,
				5BFB1272261F056C00FB655E /* SideMenuCell.xib in Resources */,
				C500DF30261B526B00CF576E /* NotLoggedVC.xib in Resources */,
				5B4F10342619FD610031C7F9 /* LaunchScreen.storyboard in Resources */,
				C5B66792261C9D53000997D8 /* VerifyVC.xib in Resources */,
				5BFB12AC261F07C600FB655E /* OrdersVC.xib in Resources */,
				5BFB12A9261F07C600FB655E /* OrderCell.xib in Resources */,
				C5CFFC8A261A05F70094AA9A /* AccountSettingsVC.xib in Resources */,
				C5B6678C261C8AAF000997D8 /* Assets.xcassets in Resources */,
				C5499BD9261F0EC4001FCFCA /* ProductPageVC.xib in Resources */,
				5B4F1048261A0E7E0031C7F9 /* CreateAccountVC.xib in Resources */,
				5BD201BC261B5BCD00E9935D /* SettingsVC.xib in Resources */,
				C5499BE0261F1BE2001FCFCA /* ProductImgCell.xib in Resources */,
				5BFB12A7261F07C600FB655E /* FillInfoVC.xib in Resources */,
				5B83D630261C6BA600A50228 /* ContactUsVC.xib in Resources */,
				5BFB1274261F056C00FB655E /* SideMenuVC.xib in Resources */,
				5B83D638261C7B3000A50228 /* ComplainVC.xib in Resources */,
				5B83D644261C8F2400A50228 /* ReturnOrderVC.xib in Resources */,
				5BFB12B0261F07C600FB655E /* AddressesVC.xib in Resources */,
			);
			runOnlyForDeploymentPostprocessing = 0;
		};
/* End PBXResourcesBuildPhase section */

/* Begin PBXShellScriptBuildPhase section */
		766ADF243C4C81FDCEA28985 /* [CP] Embed Pods Frameworks */ = {
			isa = PBXShellScriptBuildPhase;
			buildActionMask = 2147483647;
			files = (
			);
			inputFileListPaths = (
				"${PODS_ROOT}/Target Support Files/Pods-Tasfya/Pods-Tasfya-frameworks-${CONFIGURATION}-input-files.xcfilelist",
			);
			name = "[CP] Embed Pods Frameworks";
			outputFileListPaths = (
				"${PODS_ROOT}/Target Support Files/Pods-Tasfya/Pods-Tasfya-frameworks-${CONFIGURATION}-output-files.xcfilelist",
			);
			runOnlyForDeploymentPostprocessing = 0;
			shellPath = /bin/sh;
			shellScript = "\"${PODS_ROOT}/Target Support Files/Pods-Tasfya/Pods-Tasfya-frameworks.sh\"\n";
			showEnvVarsInLog = 0;
		};
		9CD75B6F2C43BFCAF373664A /* [CP] Check Pods Manifest.lock */ = {
			isa = PBXShellScriptBuildPhase;
			buildActionMask = 2147483647;
			files = (
			);
			inputFileListPaths = (
			);
			inputPaths = (
				"${PODS_PODFILE_DIR_PATH}/Podfile.lock",
				"${PODS_ROOT}/Manifest.lock",
			);
			name = "[CP] Check Pods Manifest.lock";
			outputFileListPaths = (
			);
			outputPaths = (
				"$(DERIVED_FILE_DIR)/Pods-Tasfya-checkManifestLockResult.txt",
			);
			runOnlyForDeploymentPostprocessing = 0;
			shellPath = /bin/sh;
			shellScript = "diff \"${PODS_PODFILE_DIR_PATH}/Podfile.lock\" \"${PODS_ROOT}/Manifest.lock\" > /dev/null\nif [ $? != 0 ] ; then\n    # print error to STDERR\n    echo \"error: The sandbox is not in sync with the Podfile.lock. Run 'pod install' or update your CocoaPods installation.\" >&2\n    exit 1\nfi\n# This output is used by Xcode 'outputs' to avoid re-running this script phase.\necho \"SUCCESS\" > \"${SCRIPT_OUTPUT_FILE_0}\"\n";
			showEnvVarsInLog = 0;
		};
/* End PBXShellScriptBuildPhase section */

/* Begin PBXSourcesBuildPhase section */
		5B4F10202619FD600031C7F9 /* Sources */ = {
			isa = PBXSourcesBuildPhase;
			buildActionMask = 2147483647;
			files = (
				5B7BD92A261B201800AF1253 /* Constants.swift in Sources */,
				5BFB12C6261F14F200FB655E /* SideMenuDelegate.swift in Sources */,
				5BFB12AE261F07C600FB655E /* AddressCell.swift in Sources */,
				5BFB1271261F056C00FB655E /* SideMenuVC.swift in Sources */,
				5BFB1279261F065200FB655E /* UIImageView+Extension.swift in Sources */,
				5B83D628261C503F00A50228 /* PickerTF.swift in Sources */,
				5BFB12A8261F07C600FB655E /* FillInfoVC.swift in Sources */,
				C5CFFC89261A05F70094AA9A /* AccountSettingsVC.swift in Sources */,
				C53CA9BB2620671D00B02340 /* SizeCell.swift in Sources */,
				5B83D643261C8F2400A50228 /* ReturnOrderVC.swift in Sources */,
				5B83D657261C941B00A50228 /* ReusableView.swift in Sources */,
				5B4F10282619FD600031C7F9 /* AppDelegate.swift in Sources */,
				5BFB12AA261F07C600FB655E /* OrderCell.swift in Sources */,
				C5B66787261C7490000997D8 /* LoginVC.swift in Sources */,
				5BFB12AF261F07C600FB655E /* AddressesVC.swift in Sources */,
				C500DF2F261B526B00CF576E /* NotLoggedVC.swift in Sources */,
				5B7BD927261B18B800AF1253 /* UITextField+Extension.swift in Sources */,
				5B83D637261C7B3000A50228 /* ComplainVC.swift in Sources */,
				5BFB1273261F056C00FB655E /* SideMenuCell.swift in Sources */,
				5BE0FAB326231EA5002F22F2 /* SetRootVC.swift in Sources */,
				5B83D62F261C6BA600A50228 /* ContactUsVC.swift in Sources */,
				5B4F1047261A0E7E0031C7F9 /* CreateAccountVC.swift in Sources */,
				C5499BDF261F1BE2001FCFCA /* ProductImgCell.swift in Sources */,
				C5499BD8261F0EC4001FCFCA /* ProductPageVC.swift in Sources */,
				5B4F102A2619FD600031C7F9 /* SceneDelegate.swift in Sources */,
				5BD201BB261B5BCD00E9935D /* SettingsVC.swift in Sources */,
				5BFB12AB261F07C600FB655E /* OrdersVC.swift in Sources */,
				C5B66791261C9D53000997D8 /* VerifyVC.swift in Sources */,
				5BFB126A261F054F00FB655E /* BaseVC.swift in Sources */,
			);
			runOnlyForDeploymentPostprocessing = 0;
		};
/* End PBXSourcesBuildPhase section */

/* Begin PBXVariantGroup section */
		5B4F10322619FD610031C7F9 /* LaunchScreen.storyboard */ = {
			isa = PBXVariantGroup;
			children = (
				5B4F10332619FD610031C7F9 /* Base */,
			);
			name = LaunchScreen.storyboard;
			sourceTree = "<group>";
		};
/* End PBXVariantGroup section */

/* Begin XCBuildConfiguration section */
		5B4F10362619FD610031C7F9 /* Debug */ = {
			isa = XCBuildConfiguration;
			buildSettings = {
				ALWAYS_SEARCH_USER_PATHS = NO;
				CLANG_ANALYZER_NONNULL = YES;
				CLANG_ANALYZER_NUMBER_OBJECT_CONVERSION = YES_AGGRESSIVE;
				CLANG_CXX_LANGUAGE_STANDARD = "gnu++14";
				CLANG_CXX_LIBRARY = "libc++";
				CLANG_ENABLE_MODULES = YES;
				CLANG_ENABLE_OBJC_ARC = YES;
				CLANG_ENABLE_OBJC_WEAK = YES;
				CLANG_WARN_BLOCK_CAPTURE_AUTORELEASING = YES;
				CLANG_WARN_BOOL_CONVERSION = YES;
				CLANG_WARN_COMMA = YES;
				CLANG_WARN_CONSTANT_CONVERSION = YES;
				CLANG_WARN_DEPRECATED_OBJC_IMPLEMENTATIONS = YES;
				CLANG_WARN_DIRECT_OBJC_ISA_USAGE = YES_ERROR;
				CLANG_WARN_DOCUMENTATION_COMMENTS = YES;
				CLANG_WARN_EMPTY_BODY = YES;
				CLANG_WARN_ENUM_CONVERSION = YES;
				CLANG_WARN_INFINITE_RECURSION = YES;
				CLANG_WARN_INT_CONVERSION = YES;
				CLANG_WARN_NON_LITERAL_NULL_CONVERSION = YES;
				CLANG_WARN_OBJC_IMPLICIT_RETAIN_SELF = YES;
				CLANG_WARN_OBJC_LITERAL_CONVERSION = YES;
				CLANG_WARN_OBJC_ROOT_CLASS = YES_ERROR;
				CLANG_WARN_QUOTED_INCLUDE_IN_FRAMEWORK_HEADER = YES;
				CLANG_WARN_RANGE_LOOP_ANALYSIS = YES;
				CLANG_WARN_STRICT_PROTOTYPES = YES;
				CLANG_WARN_SUSPICIOUS_MOVE = YES;
				CLANG_WARN_UNGUARDED_AVAILABILITY = YES_AGGRESSIVE;
				CLANG_WARN_UNREACHABLE_CODE = YES;
				CLANG_WARN__DUPLICATE_METHOD_MATCH = YES;
				COPY_PHASE_STRIP = NO;
				DEBUG_INFORMATION_FORMAT = dwarf;
				ENABLE_STRICT_OBJC_MSGSEND = YES;
				ENABLE_TESTABILITY = YES;
				GCC_C_LANGUAGE_STANDARD = gnu11;
				GCC_DYNAMIC_NO_PIC = NO;
				GCC_NO_COMMON_BLOCKS = YES;
				GCC_OPTIMIZATION_LEVEL = 0;
				GCC_PREPROCESSOR_DEFINITIONS = (
					"DEBUG=1",
					"$(inherited)",
				);
				GCC_WARN_64_TO_32_BIT_CONVERSION = YES;
				GCC_WARN_ABOUT_RETURN_TYPE = YES_ERROR;
				GCC_WARN_UNDECLARED_SELECTOR = YES;
				GCC_WARN_UNINITIALIZED_AUTOS = YES_AGGRESSIVE;
				GCC_WARN_UNUSED_FUNCTION = YES;
				GCC_WARN_UNUSED_VARIABLE = YES;
				IPHONEOS_DEPLOYMENT_TARGET = 14.4;
				MTL_ENABLE_DEBUG_INFO = INCLUDE_SOURCE;
				MTL_FAST_MATH = YES;
				ONLY_ACTIVE_ARCH = YES;
				SDKROOT = iphoneos;
				SWIFT_ACTIVE_COMPILATION_CONDITIONS = DEBUG;
				SWIFT_OPTIMIZATION_LEVEL = "-Onone";
			};
			name = Debug;
		};
		5B4F10372619FD610031C7F9 /* Release */ = {
			isa = XCBuildConfiguration;
			buildSettings = {
				ALWAYS_SEARCH_USER_PATHS = NO;
				CLANG_ANALYZER_NONNULL = YES;
				CLANG_ANALYZER_NUMBER_OBJECT_CONVERSION = YES_AGGRESSIVE;
				CLANG_CXX_LANGUAGE_STANDARD = "gnu++14";
				CLANG_CXX_LIBRARY = "libc++";
				CLANG_ENABLE_MODULES = YES;
				CLANG_ENABLE_OBJC_ARC = YES;
				CLANG_ENABLE_OBJC_WEAK = YES;
				CLANG_WARN_BLOCK_CAPTURE_AUTORELEASING = YES;
				CLANG_WARN_BOOL_CONVERSION = YES;
				CLANG_WARN_COMMA = YES;
				CLANG_WARN_CONSTANT_CONVERSION = YES;
				CLANG_WARN_DEPRECATED_OBJC_IMPLEMENTATIONS = YES;
				CLANG_WARN_DIRECT_OBJC_ISA_USAGE = YES_ERROR;
				CLANG_WARN_DOCUMENTATION_COMMENTS = YES;
				CLANG_WARN_EMPTY_BODY = YES;
				CLANG_WARN_ENUM_CONVERSION = YES;
				CLANG_WARN_INFINITE_RECURSION = YES;
				CLANG_WARN_INT_CONVERSION = YES;
				CLANG_WARN_NON_LITERAL_NULL_CONVERSION = YES;
				CLANG_WARN_OBJC_IMPLICIT_RETAIN_SELF = YES;
				CLANG_WARN_OBJC_LITERAL_CONVERSION = YES;
				CLANG_WARN_OBJC_ROOT_CLASS = YES_ERROR;
				CLANG_WARN_QUOTED_INCLUDE_IN_FRAMEWORK_HEADER = YES;
				CLANG_WARN_RANGE_LOOP_ANALYSIS = YES;
				CLANG_WARN_STRICT_PROTOTYPES = YES;
				CLANG_WARN_SUSPICIOUS_MOVE = YES;
				CLANG_WARN_UNGUARDED_AVAILABILITY = YES_AGGRESSIVE;
				CLANG_WARN_UNREACHABLE_CODE = YES;
				CLANG_WARN__DUPLICATE_METHOD_MATCH = YES;
				COPY_PHASE_STRIP = NO;
				DEBUG_INFORMATION_FORMAT = "dwarf-with-dsym";
				ENABLE_NS_ASSERTIONS = NO;
				ENABLE_STRICT_OBJC_MSGSEND = YES;
				GCC_C_LANGUAGE_STANDARD = gnu11;
				GCC_NO_COMMON_BLOCKS = YES;
				GCC_WARN_64_TO_32_BIT_CONVERSION = YES;
				GCC_WARN_ABOUT_RETURN_TYPE = YES_ERROR;
				GCC_WARN_UNDECLARED_SELECTOR = YES;
				GCC_WARN_UNINITIALIZED_AUTOS = YES_AGGRESSIVE;
				GCC_WARN_UNUSED_FUNCTION = YES;
				GCC_WARN_UNUSED_VARIABLE = YES;
				IPHONEOS_DEPLOYMENT_TARGET = 14.4;
				MTL_ENABLE_DEBUG_INFO = NO;
				MTL_FAST_MATH = YES;
				SDKROOT = iphoneos;
				SWIFT_COMPILATION_MODE = wholemodule;
				SWIFT_OPTIMIZATION_LEVEL = "-O";
				VALIDATE_PRODUCT = YES;
			};
			name = Release;
		};
		5B4F10392619FD610031C7F9 /* Debug */ = {
			isa = XCBuildConfiguration;
			baseConfigurationReference = C200C44EC326BE2CEFB943C9 /* Pods-Tasfya.debug.xcconfig */;
			buildSettings = {
				ASSETCATALOG_COMPILER_APPICON_NAME = AppIcon;
				ASSETCATALOG_COMPILER_GLOBAL_ACCENT_COLOR_NAME = AccentColor;
				CODE_SIGN_STYLE = Automatic;
				DEVELOPMENT_TEAM = 3W7KRDUDN4;
				INFOPLIST_FILE = Tasfya/SupportFiles/Info.plist;
				IPHONEOS_DEPLOYMENT_TARGET = 12.1;
				LD_RUNPATH_SEARCH_PATHS = (
					"$(inherited)",
					"@executable_path/Frameworks",
				);
				PRODUCT_BUNDLE_IDENTIFIER = ws.bmsc.Tasfya;
				PRODUCT_NAME = "$(TARGET_NAME)";
				SWIFT_VERSION = 5.0;
				TARGETED_DEVICE_FAMILY = "1,2";
			};
			name = Debug;
		};
		5B4F103A2619FD610031C7F9 /* Release */ = {
			isa = XCBuildConfiguration;
			baseConfigurationReference = 5ABE929916A47450FD4B1CE3 /* Pods-Tasfya.release.xcconfig */;
			buildSettings = {
				ASSETCATALOG_COMPILER_APPICON_NAME = AppIcon;
				ASSETCATALOG_COMPILER_GLOBAL_ACCENT_COLOR_NAME = AccentColor;
				CODE_SIGN_STYLE = Automatic;
				DEVELOPMENT_TEAM = 3W7KRDUDN4;
				INFOPLIST_FILE = Tasfya/SupportFiles/Info.plist;
				IPHONEOS_DEPLOYMENT_TARGET = 12.1;
				LD_RUNPATH_SEARCH_PATHS = (
					"$(inherited)",
					"@executable_path/Frameworks",
				);
				PRODUCT_BUNDLE_IDENTIFIER = ws.bmsc.Tasfya;
				PRODUCT_NAME = "$(TARGET_NAME)";
				SWIFT_VERSION = 5.0;
				TARGETED_DEVICE_FAMILY = "1,2";
			};
			name = Release;
		};
/* End XCBuildConfiguration section */

/* Begin XCConfigurationList section */
		5B4F101F2619FD600031C7F9 /* Build configuration list for PBXProject "Tasfya" */ = {
			isa = XCConfigurationList;
			buildConfigurations = (
				5B4F10362619FD610031C7F9 /* Debug */,
				5B4F10372619FD610031C7F9 /* Release */,
			);
			defaultConfigurationIsVisible = 0;
			defaultConfigurationName = Release;
		};
		5B4F10382619FD610031C7F9 /* Build configuration list for PBXNativeTarget "Tasfya" */ = {
			isa = XCConfigurationList;
			buildConfigurations = (
				5B4F10392619FD610031C7F9 /* Debug */,
				5B4F103A2619FD610031C7F9 /* Release */,
			);
			defaultConfigurationIsVisible = 0;
			defaultConfigurationName = Release;
		};
/* End XCConfigurationList section */
	};
	rootObject = 5B4F101C2619FD600031C7F9 /* Project object */;
}
