// !$*UTF8*$!
{
	archiveVersion = 1;
	classes = {
	};
	objectVersion = 51;
	objects = {

/* Begin PBXBuildFile section */
		5B16D1CA26B8120300576A60 /* CategoryModel.swift in Sources */ = {isa = PBXBuildFile; fileRef = 5B16D1C926B8120300576A60 /* CategoryModel.swift */; };
		5B25506A26E4C3BC0075C433 /* ShopVC.swift in Sources */ = {isa = PBXBuildFile; fileRef = 5B25506826E4C3BC0075C433 /* ShopVC.swift */; };
		5B25506B26E4C3BC0075C433 /* ShopVC.xib in Resources */ = {isa = PBXBuildFile; fileRef = 5B25506926E4C3BC0075C433 /* ShopVC.xib */; };
		5B25506F26E4C7EC0075C433 /* MyAccountVC.swift in Sources */ = {isa = PBXBuildFile; fileRef = 5B25506D26E4C7EC0075C433 /* MyAccountVC.swift */; };
		5B25507026E4C7EC0075C433 /* MyAccountVC.xib in Resources */ = {isa = PBXBuildFile; fileRef = 5B25506E26E4C7EC0075C433 /* MyAccountVC.xib */; };
		5B3BC12826DF892000D210BF /* PagingControlVC.swift in Sources */ = {isa = PBXBuildFile; fileRef = 5B3BC12726DF892000D210BF /* PagingControlVC.swift */; };
		5B3BC12B26DFC14300D210BF /* MainScreenVC.swift in Sources */ = {isa = PBXBuildFile; fileRef = 5B3BC12926DFC14200D210BF /* MainScreenVC.swift */; };
		5B3BC12C26DFC14300D210BF /* MainScreenVC.xib in Resources */ = {isa = PBXBuildFile; fileRef = 5B3BC12A26DFC14200D210BF /* MainScreenVC.xib */; };
		5B3BC12E26DFCC5700D210BF /* UIView+Extension.swift in Sources */ = {isa = PBXBuildFile; fileRef = 5B3BC12D26DFCC5700D210BF /* UIView+Extension.swift */; };
		5B45DD8826E60E62005069B1 /* MyOrdersVC.swift in Sources */ = {isa = PBXBuildFile; fileRef = 5B45DD8626E60E62005069B1 /* MyOrdersVC.swift */; };
		5B45DD8926E60E62005069B1 /* MyOrdersVC.xib in Resources */ = {isa = PBXBuildFile; fileRef = 5B45DD8726E60E62005069B1 /* MyOrdersVC.xib */; };
		5B45DD8D26E6156D005069B1 /* OrdersCell.swift in Sources */ = {isa = PBXBuildFile; fileRef = 5B45DD8B26E6156D005069B1 /* OrdersCell.swift */; };
		5B45DD8E26E6156D005069B1 /* OrdersCell.xib in Resources */ = {isa = PBXBuildFile; fileRef = 5B45DD8C26E6156D005069B1 /* OrdersCell.xib */; };
		5B49072926D13FCF00CD1040 /* String+Extension.swift in Sources */ = {isa = PBXBuildFile; fileRef = 5B49072826D13FCF00CD1040 /* String+Extension.swift */; };
		5B4A33B426DE756F00CA9659 /* MainCVCell.swift in Sources */ = {isa = PBXBuildFile; fileRef = 5B4A33B226DE756F00CA9659 /* MainCVCell.swift */; };
		5B4A33B526DE756F00CA9659 /* MainCVCell.xib in Resources */ = {isa = PBXBuildFile; fileRef = 5B4A33B326DE756F00CA9659 /* MainCVCell.xib */; };
		5B4F10282619FD600031C7F9 /* AppDelegate.swift in Sources */ = {isa = PBXBuildFile; fileRef = 5B4F10272619FD600031C7F9 /* AppDelegate.swift */; };
		5B4F102A2619FD600031C7F9 /* SceneDelegate.swift in Sources */ = {isa = PBXBuildFile; fileRef = 5B4F10292619FD600031C7F9 /* SceneDelegate.swift */; };
		5B4F10342619FD610031C7F9 /* LaunchScreen.storyboard in Resources */ = {isa = PBXBuildFile; fileRef = 5B4F10322619FD610031C7F9 /* LaunchScreen.storyboard */; };
		5B6D66D226E4F8BE00C326D1 /* Services.swift in Sources */ = {isa = PBXBuildFile; fileRef = 5B6D66D126E4F8BE00C326D1 /* Services.swift */; };
		5B6DE76C26B153D2008BDEF9 /* GoogleService-Info.plist in Resources */ = {isa = PBXBuildFile; fileRef = 5B6DE76B26B153D2008BDEF9 /* GoogleService-Info.plist */; };
		5B70790726DE3D13002F9C3B /* HomeScreenVC.swift in Sources */ = {isa = PBXBuildFile; fileRef = 5B70790526DE3D13002F9C3B /* HomeScreenVC.swift */; };
		5B70790826DE3D13002F9C3B /* HomeScreenVC.xib in Resources */ = {isa = PBXBuildFile; fileRef = 5B70790626DE3D13002F9C3B /* HomeScreenVC.xib */; };
		5B7683F926E0CD3C0029E2D0 /* MainScreenModel.swift in Sources */ = {isa = PBXBuildFile; fileRef = 5B7683F826E0CD3C0029E2D0 /* MainScreenModel.swift */; };
		5B7683FD26E0F6B40029E2D0 /* SearchVC.swift in Sources */ = {isa = PBXBuildFile; fileRef = 5B7683FB26E0F6B40029E2D0 /* SearchVC.swift */; };
		5B7683FE26E0F6B40029E2D0 /* SearchVC.xib in Resources */ = {isa = PBXBuildFile; fileRef = 5B7683FC26E0F6B40029E2D0 /* SearchVC.xib */; };
		5B76840226E0FA590029E2D0 /* SearchCell.swift in Sources */ = {isa = PBXBuildFile; fileRef = 5B76840026E0FA590029E2D0 /* SearchCell.swift */; };
		5B76840326E0FA590029E2D0 /* SearchCell.xib in Resources */ = {isa = PBXBuildFile; fileRef = 5B76840126E0FA590029E2D0 /* SearchCell.xib */; };
		5B76840726E1164A0029E2D0 /* CategoriesVC.swift in Sources */ = {isa = PBXBuildFile; fileRef = 5B76840526E1164A0029E2D0 /* CategoriesVC.swift */; };
		5B76840826E1164A0029E2D0 /* CategoriesVC.xib in Resources */ = {isa = PBXBuildFile; fileRef = 5B76840626E1164A0029E2D0 /* CategoriesVC.xib */; };
		5B76840C26E117B30029E2D0 /* CategoriesCell.swift in Sources */ = {isa = PBXBuildFile; fileRef = 5B76840A26E117B30029E2D0 /* CategoriesCell.swift */; };
		5B76840D26E117B30029E2D0 /* CategoriesCell.xib in Resources */ = {isa = PBXBuildFile; fileRef = 5B76840B26E117B30029E2D0 /* CategoriesCell.xib */; };
		5B785B09262D8A7600C6CA58 /* LanguageHandler.swift in Sources */ = {isa = PBXBuildFile; fileRef = 5B785B08262D8A7600C6CA58 /* LanguageHandler.swift */; };
		5B785B0C262D91DD00C6CA58 /* UICollectionView+Extension.swift in Sources */ = {isa = PBXBuildFile; fileRef = 5B785B0B262D91DD00C6CA58 /* UICollectionView+Extension.swift */; };
		5B785B0F262D9A3700C6CA58 /* UIViewController+Extension.swift in Sources */ = {isa = PBXBuildFile; fileRef = 5B785B0E262D9A3700C6CA58 /* UIViewController+Extension.swift */; };
		5B785B14262D9D3C00C6CA58 /* Localizable.strings in Resources */ = {isa = PBXBuildFile; fileRef = 5B785B16262D9D3C00C6CA58 /* Localizable.strings */; };
		5B7BD927261B18B800AF1253 /* UITextField+Extension.swift in Sources */ = {isa = PBXBuildFile; fileRef = 5B7BD926261B18B800AF1253 /* UITextField+Extension.swift */; };
		5B7BD92A261B201800AF1253 /* Constants.swift in Sources */ = {isa = PBXBuildFile; fileRef = 5B7BD929261B201800AF1253 /* Constants.swift */; };
		5B80968C2630275300C71A24 /* CurrentUser.swift in Sources */ = {isa = PBXBuildFile; fileRef = 5B80968B2630275300C71A24 /* CurrentUser.swift */; };
		5B80968F2630416D00C71A24 /* NavigationDelegate.swift in Sources */ = {isa = PBXBuildFile; fileRef = 5B80968E2630416D00C71A24 /* NavigationDelegate.swift */; };
		5B83D628261C503F00A50228 /* PickerTF.swift in Sources */ = {isa = PBXBuildFile; fileRef = 5B83D627261C503F00A50228 /* PickerTF.swift */; };
		5B83D657261C941B00A50228 /* ReusableView.swift in Sources */ = {isa = PBXBuildFile; fileRef = 5B83D656261C941B00A50228 /* ReusableView.swift */; };
		5BB4A2F726AEF21B00153AC8 /* ImagePicker.swift in Sources */ = {isa = PBXBuildFile; fileRef = 5BB4A2F626AEF21A00153AC8 /* ImagePicker.swift */; };
		5BE0FAB326231EA5002F22F2 /* SetRootVC.swift in Sources */ = {isa = PBXBuildFile; fileRef = 5BE0FAB226231EA5002F22F2 /* SetRootVC.swift */; };
		5BFB126A261F054F00FB655E /* BaseVC.swift in Sources */ = {isa = PBXBuildFile; fileRef = 5BFB1269261F054F00FB655E /* BaseVC.swift */; };
		5BFB1271261F056C00FB655E /* SideMenuVC.swift in Sources */ = {isa = PBXBuildFile; fileRef = 5BFB126C261F056C00FB655E /* SideMenuVC.swift */; };
		5BFB1272261F056C00FB655E /* SideMenuCell.xib in Resources */ = {isa = PBXBuildFile; fileRef = 5BFB126E261F056C00FB655E /* SideMenuCell.xib */; };
		5BFB1273261F056C00FB655E /* SideMenuCell.swift in Sources */ = {isa = PBXBuildFile; fileRef = 5BFB126F261F056C00FB655E /* SideMenuCell.swift */; };
		5BFB1274261F056C00FB655E /* SideMenuVC.xib in Resources */ = {isa = PBXBuildFile; fileRef = 5BFB1270261F056C00FB655E /* SideMenuVC.xib */; };
		5BFB1279261F065200FB655E /* UIImageView+Extension.swift in Sources */ = {isa = PBXBuildFile; fileRef = 5BFB1278261F065200FB655E /* UIImageView+Extension.swift */; };
		5BFB12C6261F14F200FB655E /* SideMenuDelegate.swift in Sources */ = {isa = PBXBuildFile; fileRef = 5BFB12C5261F14F200FB655E /* SideMenuDelegate.swift */; };
		69F9E52927DBB5B552BCAFB0 /* Pods_Tasfya.framework in Frameworks */ = {isa = PBXBuildFile; fileRef = F8B1078CAC60197FBC368C71 /* Pods_Tasfya.framework */; };
		C5B6678C261C8AAF000997D8 /* Assets.xcassets in Resources */ = {isa = PBXBuildFile; fileRef = C5B6678B261C8AAF000997D8 /* Assets.xcassets */; };
/* End PBXBuildFile section */

/* Begin PBXFileReference section */
		5ABE929916A47450FD4B1CE3 /* Pods-Tasfya.release.xcconfig */ = {isa = PBXFileReference; includeInIndex = 1; lastKnownFileType = text.xcconfig; name = "Pods-Tasfya.release.xcconfig"; path = "Target Support Files/Pods-Tasfya/Pods-Tasfya.release.xcconfig"; sourceTree = "<group>"; };
		5B16D1C926B8120300576A60 /* CategoryModel.swift */ = {isa = PBXFileReference; lastKnownFileType = sourcecode.swift; path = CategoryModel.swift; sourceTree = "<group>"; };
		5B25506826E4C3BC0075C433 /* ShopVC.swift */ = {isa = PBXFileReference; lastKnownFileType = sourcecode.swift; path = ShopVC.swift; sourceTree = "<group>"; };
		5B25506926E4C3BC0075C433 /* ShopVC.xib */ = {isa = PBXFileReference; lastKnownFileType = file.xib; path = ShopVC.xib; sourceTree = "<group>"; };
		5B25506D26E4C7EC0075C433 /* MyAccountVC.swift */ = {isa = PBXFileReference; lastKnownFileType = sourcecode.swift; path = MyAccountVC.swift; sourceTree = "<group>"; };
		5B25506E26E4C7EC0075C433 /* MyAccountVC.xib */ = {isa = PBXFileReference; lastKnownFileType = file.xib; path = MyAccountVC.xib; sourceTree = "<group>"; };
		5B3BC12726DF892000D210BF /* PagingControlVC.swift */ = {isa = PBXFileReference; lastKnownFileType = sourcecode.swift; path = PagingControlVC.swift; sourceTree = "<group>"; };
		5B3BC12926DFC14200D210BF /* MainScreenVC.swift */ = {isa = PBXFileReference; lastKnownFileType = sourcecode.swift; path = MainScreenVC.swift; sourceTree = "<group>"; };
		5B3BC12A26DFC14200D210BF /* MainScreenVC.xib */ = {isa = PBXFileReference; lastKnownFileType = file.xib; path = MainScreenVC.xib; sourceTree = "<group>"; };
		5B3BC12D26DFCC5700D210BF /* UIView+Extension.swift */ = {isa = PBXFileReference; lastKnownFileType = sourcecode.swift; path = "UIView+Extension.swift"; sourceTree = "<group>"; };
		5B45DD8626E60E62005069B1 /* MyOrdersVC.swift */ = {isa = PBXFileReference; lastKnownFileType = sourcecode.swift; path = MyOrdersVC.swift; sourceTree = "<group>"; };
		5B45DD8726E60E62005069B1 /* MyOrdersVC.xib */ = {isa = PBXFileReference; lastKnownFileType = file.xib; path = MyOrdersVC.xib; sourceTree = "<group>"; };
		5B45DD8B26E6156D005069B1 /* OrdersCell.swift */ = {isa = PBXFileReference; lastKnownFileType = sourcecode.swift; path = OrdersCell.swift; sourceTree = "<group>"; };
		5B45DD8C26E6156D005069B1 /* OrdersCell.xib */ = {isa = PBXFileReference; lastKnownFileType = file.xib; path = OrdersCell.xib; sourceTree = "<group>"; };
		5B49072826D13FCF00CD1040 /* String+Extension.swift */ = {isa = PBXFileReference; lastKnownFileType = sourcecode.swift; path = "String+Extension.swift"; sourceTree = "<group>"; };
		5B4A33B226DE756F00CA9659 /* MainCVCell.swift */ = {isa = PBXFileReference; lastKnownFileType = sourcecode.swift; path = MainCVCell.swift; sourceTree = "<group>"; };
		5B4A33B326DE756F00CA9659 /* MainCVCell.xib */ = {isa = PBXFileReference; lastKnownFileType = file.xib; path = MainCVCell.xib; sourceTree = "<group>"; };
		5B4F10242619FD600031C7F9 /* Tasfya.app */ = {isa = PBXFileReference; explicitFileType = wrapper.application; includeInIndex = 0; path = Tasfya.app; sourceTree = BUILT_PRODUCTS_DIR; };
		5B4F10272619FD600031C7F9 /* AppDelegate.swift */ = {isa = PBXFileReference; lastKnownFileType = sourcecode.swift; path = AppDelegate.swift; sourceTree = "<group>"; };
		5B4F10292619FD600031C7F9 /* SceneDelegate.swift */ = {isa = PBXFileReference; lastKnownFileType = sourcecode.swift; path = SceneDelegate.swift; sourceTree = "<group>"; };
		5B4F10332619FD610031C7F9 /* Base */ = {isa = PBXFileReference; lastKnownFileType = file.storyboard; name = Base; path = Base.lproj/LaunchScreen.storyboard; sourceTree = "<group>"; };
		5B4F10352619FD610031C7F9 /* Info.plist */ = {isa = PBXFileReference; lastKnownFileType = text.plist.xml; path = Info.plist; sourceTree = "<group>"; };
		5B64FF3A261DE1C2007D350A /* FillInfoVC.swift */ = {isa = PBXFileReference; lastKnownFileType = sourcecode.swift; path = FillInfoVC.swift; sourceTree = "<group>"; };
		5B6D66D126E4F8BE00C326D1 /* Services.swift */ = {isa = PBXFileReference; lastKnownFileType = sourcecode.swift; path = Services.swift; sourceTree = "<group>"; };
		5B6DE76826B14DF3008BDEF9 /* Tasfya.entitlements */ = {isa = PBXFileReference; lastKnownFileType = text.plist.entitlements; path = Tasfya.entitlements; sourceTree = "<group>"; };
		5B6DE76B26B153D2008BDEF9 /* GoogleService-Info.plist */ = {isa = PBXFileReference; fileEncoding = 4; lastKnownFileType = text.plist.xml; path = "GoogleService-Info.plist"; sourceTree = "<group>"; };
		5B70790526DE3D13002F9C3B /* HomeScreenVC.swift */ = {isa = PBXFileReference; lastKnownFileType = sourcecode.swift; path = HomeScreenVC.swift; sourceTree = "<group>"; };
		5B70790626DE3D13002F9C3B /* HomeScreenVC.xib */ = {isa = PBXFileReference; lastKnownFileType = file.xib; path = HomeScreenVC.xib; sourceTree = "<group>"; };
		5B7683F826E0CD3C0029E2D0 /* MainScreenModel.swift */ = {isa = PBXFileReference; lastKnownFileType = sourcecode.swift; path = MainScreenModel.swift; sourceTree = "<group>"; };
		5B7683FB26E0F6B40029E2D0 /* SearchVC.swift */ = {isa = PBXFileReference; lastKnownFileType = sourcecode.swift; path = SearchVC.swift; sourceTree = "<group>"; };
		5B7683FC26E0F6B40029E2D0 /* SearchVC.xib */ = {isa = PBXFileReference; lastKnownFileType = file.xib; path = SearchVC.xib; sourceTree = "<group>"; };
		5B76840026E0FA590029E2D0 /* SearchCell.swift */ = {isa = PBXFileReference; lastKnownFileType = sourcecode.swift; path = SearchCell.swift; sourceTree = "<group>"; };
		5B76840126E0FA590029E2D0 /* SearchCell.xib */ = {isa = PBXFileReference; lastKnownFileType = file.xib; path = SearchCell.xib; sourceTree = "<group>"; };
		5B76840526E1164A0029E2D0 /* CategoriesVC.swift */ = {isa = PBXFileReference; lastKnownFileType = sourcecode.swift; path = CategoriesVC.swift; sourceTree = "<group>"; };
		5B76840626E1164A0029E2D0 /* CategoriesVC.xib */ = {isa = PBXFileReference; lastKnownFileType = file.xib; path = CategoriesVC.xib; sourceTree = "<group>"; };
		5B76840A26E117B30029E2D0 /* CategoriesCell.swift */ = {isa = PBXFileReference; lastKnownFileType = sourcecode.swift; path = CategoriesCell.swift; sourceTree = "<group>"; };
		5B76840B26E117B30029E2D0 /* CategoriesCell.xib */ = {isa = PBXFileReference; lastKnownFileType = file.xib; path = CategoriesCell.xib; sourceTree = "<group>"; };
		5B785B08262D8A7600C6CA58 /* LanguageHandler.swift */ = {isa = PBXFileReference; lastKnownFileType = sourcecode.swift; path = LanguageHandler.swift; sourceTree = "<group>"; };
		5B785B0B262D91DD00C6CA58 /* UICollectionView+Extension.swift */ = {isa = PBXFileReference; lastKnownFileType = sourcecode.swift; path = "UICollectionView+Extension.swift"; sourceTree = "<group>"; };
		5B785B0E262D9A3700C6CA58 /* UIViewController+Extension.swift */ = {isa = PBXFileReference; lastKnownFileType = sourcecode.swift; path = "UIViewController+Extension.swift"; sourceTree = "<group>"; };
		5B785B15262D9D3C00C6CA58 /* en */ = {isa = PBXFileReference; lastKnownFileType = text.plist.strings; name = en; path = en.lproj/Localizable.strings; sourceTree = "<group>"; };
		5B785B18262D9D5000C6CA58 /* ar */ = {isa = PBXFileReference; lastKnownFileType = text.plist.strings; name = ar; path = ar.lproj/Localizable.strings; sourceTree = "<group>"; };
		5B7BD926261B18B800AF1253 /* UITextField+Extension.swift */ = {isa = PBXFileReference; lastKnownFileType = sourcecode.swift; path = "UITextField+Extension.swift"; sourceTree = "<group>"; };
		5B7BD929261B201800AF1253 /* Constants.swift */ = {isa = PBXFileReference; lastKnownFileType = sourcecode.swift; path = Constants.swift; sourceTree = "<group>"; };
		5B80968B2630275300C71A24 /* CurrentUser.swift */ = {isa = PBXFileReference; lastKnownFileType = sourcecode.swift; path = CurrentUser.swift; sourceTree = "<group>"; };
		5B80968E2630416D00C71A24 /* NavigationDelegate.swift */ = {isa = PBXFileReference; lastKnownFileType = sourcecode.swift; path = NavigationDelegate.swift; sourceTree = "<group>"; };
		5B83D627261C503F00A50228 /* PickerTF.swift */ = {isa = PBXFileReference; lastKnownFileType = sourcecode.swift; path = PickerTF.swift; sourceTree = "<group>"; };
		5B83D64A261C92A800A50228 /* OrdersVC.swift */ = {isa = PBXFileReference; lastKnownFileType = sourcecode.swift; path = OrdersVC.swift; sourceTree = "<group>"; };
		5B83D64B261C92A800A50228 /* OrdersVC.xib */ = {isa = PBXFileReference; lastKnownFileType = file.xib; path = OrdersVC.xib; sourceTree = "<group>"; };
		5B83D656261C941B00A50228 /* ReusableView.swift */ = {isa = PBXFileReference; lastKnownFileType = sourcecode.swift; path = ReusableView.swift; sourceTree = "<group>"; };
		5B83D65E261C9F4A00A50228 /* AddressCell.swift */ = {isa = PBXFileReference; lastKnownFileType = sourcecode.swift; path = AddressCell.swift; sourceTree = "<group>"; };
		5B83D65F261C9F4A00A50228 /* AddressCell.xib */ = {isa = PBXFileReference; lastKnownFileType = file.xib; path = AddressCell.xib; sourceTree = "<group>"; };
		5B83D665261C9F7600A50228 /* AddressesVC.swift */ = {isa = PBXFileReference; lastKnownFileType = sourcecode.swift; path = AddressesVC.swift; sourceTree = "<group>"; };
		5BB4A2F626AEF21A00153AC8 /* ImagePicker.swift */ = {isa = PBXFileReference; fileEncoding = 4; lastKnownFileType = sourcecode.swift; path = ImagePicker.swift; sourceTree = "<group>"; };
		5BE0FAB226231EA5002F22F2 /* SetRootVC.swift */ = {isa = PBXFileReference; lastKnownFileType = sourcecode.swift; path = SetRootVC.swift; sourceTree = "<group>"; };
		5BFB1269261F054F00FB655E /* BaseVC.swift */ = {isa = PBXFileReference; fileEncoding = 4; lastKnownFileType = sourcecode.swift; path = BaseVC.swift; sourceTree = "<group>"; };
		5BFB126C261F056C00FB655E /* SideMenuVC.swift */ = {isa = PBXFileReference; fileEncoding = 4; lastKnownFileType = sourcecode.swift; path = SideMenuVC.swift; sourceTree = "<group>"; };
		5BFB126E261F056C00FB655E /* SideMenuCell.xib */ = {isa = PBXFileReference; fileEncoding = 4; lastKnownFileType = file.xib; path = SideMenuCell.xib; sourceTree = "<group>"; };
		5BFB126F261F056C00FB655E /* SideMenuCell.swift */ = {isa = PBXFileReference; fileEncoding = 4; lastKnownFileType = sourcecode.swift; path = SideMenuCell.swift; sourceTree = "<group>"; };
		5BFB1270261F056C00FB655E /* SideMenuVC.xib */ = {isa = PBXFileReference; fileEncoding = 4; lastKnownFileType = file.xib; path = SideMenuVC.xib; sourceTree = "<group>"; };
		5BFB1278261F065200FB655E /* UIImageView+Extension.swift */ = {isa = PBXFileReference; fileEncoding = 4; lastKnownFileType = sourcecode.swift; path = "UIImageView+Extension.swift"; sourceTree = "<group>"; };
		5BFB12C5261F14F200FB655E /* SideMenuDelegate.swift */ = {isa = PBXFileReference; lastKnownFileType = sourcecode.swift; path = SideMenuDelegate.swift; sourceTree = "<group>"; };
		C200C44EC326BE2CEFB943C9 /* Pods-Tasfya.debug.xcconfig */ = {isa = PBXFileReference; includeInIndex = 1; lastKnownFileType = text.xcconfig; name = "Pods-Tasfya.debug.xcconfig"; path = "Target Support Files/Pods-Tasfya/Pods-Tasfya.debug.xcconfig"; sourceTree = "<group>"; };
		C5B6678B261C8AAF000997D8 /* Assets.xcassets */ = {isa = PBXFileReference; lastKnownFileType = folder.assetcatalog; path = Assets.xcassets; sourceTree = "<group>"; };
		F8B1078CAC60197FBC368C71 /* Pods_Tasfya.framework */ = {isa = PBXFileReference; explicitFileType = wrapper.framework; includeInIndex = 0; path = Pods_Tasfya.framework; sourceTree = BUILT_PRODUCTS_DIR; };
/* End PBXFileReference section */

/* Begin PBXFrameworksBuildPhase section */
		5B4F10212619FD600031C7F9 /* Frameworks */ = {
			isa = PBXFrameworksBuildPhase;
			buildActionMask = 2147483647;
			files = (
				69F9E52927DBB5B552BCAFB0 /* Pods_Tasfya.framework in Frameworks */,
			);
			runOnlyForDeploymentPostprocessing = 0;
		};
/* End PBXFrameworksBuildPhase section */

/* Begin PBXGroup section */
		025354C188C701FD8908A729 /* Frameworks */ = {
			isa = PBXGroup;
			children = (
				F8B1078CAC60197FBC368C71 /* Pods_Tasfya.framework */,
			);
			name = Frameworks;
			sourceTree = "<group>";
		};
		5B25506C26E4C7CC0075C433 /* MyAccount */ = {
			isa = PBXGroup;
			children = (
				5B25506D26E4C7EC0075C433 /* MyAccountVC.swift */,
				5B25506E26E4C7EC0075C433 /* MyAccountVC.xib */,
			);
			path = MyAccount;
			sourceTree = "<group>";
		};
		5B45DD8526E60E49005069B1 /* MyOrders */ = {
			isa = PBXGroup;
			children = (
				5B45DD8A26E614AA005069B1 /* Cell */,
				5B45DD8626E60E62005069B1 /* MyOrdersVC.swift */,
				5B45DD8726E60E62005069B1 /* MyOrdersVC.xib */,
			);
			path = MyOrders;
			sourceTree = "<group>";
		};
		5B45DD8A26E614AA005069B1 /* Cell */ = {
			isa = PBXGroup;
			children = (
				5B45DD8B26E6156D005069B1 /* OrdersCell.swift */,
				5B45DD8C26E6156D005069B1 /* OrdersCell.xib */,
			);
			path = Cell;
			sourceTree = "<group>";
		};
		5B4A33B126DE754400CA9659 /* Cells */ = {
			isa = PBXGroup;
			children = (
				5B4A33B226DE756F00CA9659 /* MainCVCell.swift */,
				5B4A33B326DE756F00CA9659 /* MainCVCell.xib */,
			);
			path = Cells;
			sourceTree = "<group>";
		};
		5B4F101B2619FD600031C7F9 = {
			isa = PBXGroup;
			children = (
				5B4F10262619FD600031C7F9 /* Tasfya */,
				5B4F10252619FD600031C7F9 /* Products */,
				6F05DB0DB28B498228E21654 /* Pods */,
				025354C188C701FD8908A729 /* Frameworks */,
				5BFB1267261F046300FB655E /* Recovered References */,
			);
			sourceTree = "<group>";
		};
		5B4F10252619FD600031C7F9 /* Products */ = {
			isa = PBXGroup;
			children = (
				5B4F10242619FD600031C7F9 /* Tasfya.app */,
			);
			name = Products;
			sourceTree = "<group>";
		};
		5B4F10262619FD600031C7F9 /* Tasfya */ = {
			isa = PBXGroup;
			children = (
				5B6DE76826B14DF3008BDEF9 /* Tasfya.entitlements */,
				5B80968A2630270D00C71A24 /* Models */,
				5B83D626261C501700A50228 /* Helpers */,
				5B4F10422619FDCF0031C7F9 /* Extensions */,
				5B4F10412619FDC80031C7F9 /* Scenes */,
				5B4F103F2619FDBE0031C7F9 /* SupportFiles */,
			);
			path = Tasfya;
			sourceTree = "<group>";
		};
		5B4F103F2619FDBE0031C7F9 /* SupportFiles */ = {
			isa = PBXGroup;
			children = (
				5B4F10272619FD600031C7F9 /* AppDelegate.swift */,
				5B4F10292619FD600031C7F9 /* SceneDelegate.swift */,
				5B4F10322619FD610031C7F9 /* LaunchScreen.storyboard */,
				5B4F10352619FD610031C7F9 /* Info.plist */,
				C5B6678B261C8AAF000997D8 /* Assets.xcassets */,
				5B6DE76B26B153D2008BDEF9 /* GoogleService-Info.plist */,
			);
			path = SupportFiles;
			sourceTree = "<group>";
		};
		5B4F10412619FDC80031C7F9 /* Scenes */ = {
			isa = PBXGroup;
			children = (
				5B45DD8526E60E49005069B1 /* MyOrders */,
				5B25506C26E4C7CC0075C433 /* MyAccount */,
				5BDB6BFD26E4BD3200112C97 /* Shop */,
				5B76840426E1161A0029E2D0 /* CategoriesScreen */,
				5B7683FA26E0F6950029E2D0 /* SearchScreen */,
				5B70790426DE3CEB002F9C3B /* HomeScreen */,
				5BFB1269261F054F00FB655E /* BaseVC.swift */,
				5BFB126B261F056C00FB655E /* SideMenu */,
			);
			path = Scenes;
			sourceTree = "<group>";
		};
		5B4F10422619FDCF0031C7F9 /* Extensions */ = {
			isa = PBXGroup;
			children = (
				5BFB1278261F065200FB655E /* UIImageView+Extension.swift */,
				5B7BD926261B18B800AF1253 /* UITextField+Extension.swift */,
				5B785B0B262D91DD00C6CA58 /* UICollectionView+Extension.swift */,
				5B785B0E262D9A3700C6CA58 /* UIViewController+Extension.swift */,
				5B49072826D13FCF00CD1040 /* String+Extension.swift */,
				5B3BC12D26DFCC5700D210BF /* UIView+Extension.swift */,
			);
			path = Extensions;
			sourceTree = "<group>";
		};
		5B70790426DE3CEB002F9C3B /* HomeScreen */ = {
			isa = PBXGroup;
			children = (
				5B7683F726E0CCCA0029E2D0 /* Model */,
				5B4A33B126DE754400CA9659 /* Cells */,
				5B70790526DE3D13002F9C3B /* HomeScreenVC.swift */,
				5B70790626DE3D13002F9C3B /* HomeScreenVC.xib */,
				5B3BC12726DF892000D210BF /* PagingControlVC.swift */,
				5B3BC12926DFC14200D210BF /* MainScreenVC.swift */,
				5B3BC12A26DFC14200D210BF /* MainScreenVC.xib */,
			);
			path = HomeScreen;
			sourceTree = "<group>";
		};
		5B7683F726E0CCCA0029E2D0 /* Model */ = {
			isa = PBXGroup;
			children = (
				5B7683F826E0CD3C0029E2D0 /* MainScreenModel.swift */,
			);
			path = Model;
			sourceTree = "<group>";
		};
		5B7683FA26E0F6950029E2D0 /* SearchScreen */ = {
			isa = PBXGroup;
			children = (
				5B7683FF26E0FA150029E2D0 /* Cell */,
				5B7683FB26E0F6B40029E2D0 /* SearchVC.swift */,
				5B7683FC26E0F6B40029E2D0 /* SearchVC.xib */,
			);
			path = SearchScreen;
			sourceTree = "<group>";
		};
		5B7683FF26E0FA150029E2D0 /* Cell */ = {
			isa = PBXGroup;
			children = (
				5B76840026E0FA590029E2D0 /* SearchCell.swift */,
				5B76840126E0FA590029E2D0 /* SearchCell.xib */,
			);
			path = Cell;
			sourceTree = "<group>";
		};
		5B76840426E1161A0029E2D0 /* CategoriesScreen */ = {
			isa = PBXGroup;
			children = (
				5B76840926E1179B0029E2D0 /* Cell */,
				5B76840526E1164A0029E2D0 /* CategoriesVC.swift */,
				5B76840626E1164A0029E2D0 /* CategoriesVC.xib */,
			);
			path = CategoriesScreen;
			sourceTree = "<group>";
		};
		5B76840926E1179B0029E2D0 /* Cell */ = {
			isa = PBXGroup;
			children = (
				5B76840A26E117B30029E2D0 /* CategoriesCell.swift */,
				5B76840B26E117B30029E2D0 /* CategoriesCell.xib */,
			);
			path = Cell;
			sourceTree = "<group>";
		};
		5B80968A2630270D00C71A24 /* Models */ = {
			isa = PBXGroup;
			children = (
				5B80968B2630275300C71A24 /* CurrentUser.swift */,
				5B16D1C926B8120300576A60 /* CategoryModel.swift */,
			);
			path = Models;
			sourceTree = "<group>";
		};
		5B83D626261C501700A50228 /* Helpers */ = {
			isa = PBXGroup;
			children = (
				5B7BD929261B201800AF1253 /* Constants.swift */,
				5B83D627261C503F00A50228 /* PickerTF.swift */,
				5B83D656261C941B00A50228 /* ReusableView.swift */,
				5BB4A2F626AEF21A00153AC8 /* ImagePicker.swift */,
				5BFB12C5261F14F200FB655E /* SideMenuDelegate.swift */,
				5BE0FAB226231EA5002F22F2 /* SetRootVC.swift */,
				5B785B08262D8A7600C6CA58 /* LanguageHandler.swift */,
				5B785B16262D9D3C00C6CA58 /* Localizable.strings */,
				5B6D66D126E4F8BE00C326D1 /* Services.swift */,
			);
			path = Helpers;
			sourceTree = "<group>";
		};
		5BDB6BFD26E4BD3200112C97 /* Shop */ = {
			isa = PBXGroup;
			children = (
				5B25506826E4C3BC0075C433 /* ShopVC.swift */,
				5B25506926E4C3BC0075C433 /* ShopVC.xib */,
			);
			path = Shop;
			sourceTree = "<group>";
		};
		5BFB1267261F046300FB655E /* Recovered References */ = {
			isa = PBXGroup;
			children = (
				5B83D65E261C9F4A00A50228 /* AddressCell.swift */,
				5B83D64A261C92A800A50228 /* OrdersVC.swift */,
				5B83D665261C9F7600A50228 /* AddressesVC.swift */,
				5B64FF3A261DE1C2007D350A /* FillInfoVC.swift */,
				5B83D64B261C92A800A50228 /* OrdersVC.xib */,
				5B83D65F261C9F4A00A50228 /* AddressCell.xib */,
			);
			name = "Recovered References";
			sourceTree = "<group>";
		};
		5BFB126B261F056C00FB655E /* SideMenu */ = {
			isa = PBXGroup;
			children = (
				5BFB126D261F056C00FB655E /* Cells */,
				5BFB126C261F056C00FB655E /* SideMenuVC.swift */,
				5BFB1270261F056C00FB655E /* SideMenuVC.xib */,
				5B80968E2630416D00C71A24 /* NavigationDelegate.swift */,
			);
			path = SideMenu;
			sourceTree = "<group>";
		};
		5BFB126D261F056C00FB655E /* Cells */ = {
			isa = PBXGroup;
			children = (
				5BFB126E261F056C00FB655E /* SideMenuCell.xib */,
				5BFB126F261F056C00FB655E /* SideMenuCell.swift */,
			);
			path = Cells;
			sourceTree = "<group>";
		};
		6F05DB0DB28B498228E21654 /* Pods */ = {
			isa = PBXGroup;
			children = (
				C200C44EC326BE2CEFB943C9 /* Pods-Tasfya.debug.xcconfig */,
				5ABE929916A47450FD4B1CE3 /* Pods-Tasfya.release.xcconfig */,
			);
			path = Pods;
			sourceTree = "<group>";
		};
/* End PBXGroup section */

/* Begin PBXNativeTarget section */
		5B4F10232619FD600031C7F9 /* Tasfya */ = {
			isa = PBXNativeTarget;
			buildConfigurationList = 5B4F10382619FD610031C7F9 /* Build configuration list for PBXNativeTarget "Tasfya" */;
			buildPhases = (
				9CD75B6F2C43BFCAF373664A /* [CP] Check Pods Manifest.lock */,
				5B4F10202619FD600031C7F9 /* Sources */,
				5B4F10212619FD600031C7F9 /* Frameworks */,
				5B4F10222619FD600031C7F9 /* Resources */,
				766ADF243C4C81FDCEA28985 /* [CP] Embed Pods Frameworks */,
				F8F5D3230FFE2C34D9636BC0 /* [CP] Copy Pods Resources */,
			);
			buildRules = (
			);
			dependencies = (
			);
			name = Tasfya;
			productName = Tasfya;
			productReference = 5B4F10242619FD600031C7F9 /* Tasfya.app */;
			productType = "com.apple.product-type.application";
		};
/* End PBXNativeTarget section */

/* Begin PBXProject section */
		5B4F101C2619FD600031C7F9 /* Project object */ = {
			isa = PBXProject;
			attributes = {
				LastSwiftUpdateCheck = 1240;
				LastUpgradeCheck = 1240;
				TargetAttributes = {
					5B4F10232619FD600031C7F9 = {
						CreatedOnToolsVersion = 12.4;
					};
				};
			};
			buildConfigurationList = 5B4F101F2619FD600031C7F9 /* Build configuration list for PBXProject "Tasfya" */;
			compatibilityVersion = "Xcode 9.3";
			developmentRegion = en;
			hasScannedForEncodings = 0;
			knownRegions = (
				en,
				Base,
				ar,
			);
			mainGroup = 5B4F101B2619FD600031C7F9;
			productRefGroup = 5B4F10252619FD600031C7F9 /* Products */;
			projectDirPath = "";
			projectRoot = "";
			targets = (
				5B4F10232619FD600031C7F9 /* Tasfya */,
			);
		};
/* End PBXProject section */

/* Begin PBXResourcesBuildPhase section */
		5B4F10222619FD600031C7F9 /* Resources */ = {
			isa = PBXResourcesBuildPhase;
			buildActionMask = 2147483647;
			files = (
				5B7683FE26E0F6B40029E2D0 /* SearchVC.xib in Resources */,
				5BFB1272261F056C00FB655E /* SideMenuCell.xib in Resources */,
				5B4F10342619FD610031C7F9 /* LaunchScreen.storyboard in Resources */,
				5B25507026E4C7EC0075C433 /* MyAccountVC.xib in Resources */,
				5B785B14262D9D3C00C6CA58 /* Localizable.strings in Resources */,
				5B25506B26E4C3BC0075C433 /* ShopVC.xib in Resources */,
				5B76840826E1164A0029E2D0 /* CategoriesVC.xib in Resources */,
				5B45DD8E26E6156D005069B1 /* OrdersCell.xib in Resources */,
				5B6DE76C26B153D2008BDEF9 /* GoogleService-Info.plist in Resources */,
				5B3BC12C26DFC14300D210BF /* MainScreenVC.xib in Resources */,
				C5B6678C261C8AAF000997D8 /* Assets.xcassets in Resources */,
				5B4A33B526DE756F00CA9659 /* MainCVCell.xib in Resources */,
				5B70790826DE3D13002F9C3B /* HomeScreenVC.xib in Resources */,
				5B76840D26E117B30029E2D0 /* CategoriesCell.xib in Resources */,
				5B45DD8926E60E62005069B1 /* MyOrdersVC.xib in Resources */,
				5BFB1274261F056C00FB655E /* SideMenuVC.xib in Resources */,
				5B76840326E0FA590029E2D0 /* SearchCell.xib in Resources */,
			);
			runOnlyForDeploymentPostprocessing = 0;
		};
/* End PBXResourcesBuildPhase section */

/* Begin PBXShellScriptBuildPhase section */
		766ADF243C4C81FDCEA28985 /* [CP] Embed Pods Frameworks */ = {
			isa = PBXShellScriptBuildPhase;
			buildActionMask = 2147483647;
			files = (
			);
			inputFileListPaths = (
				"${PODS_ROOT}/Target Support Files/Pods-Tasfya/Pods-Tasfya-frameworks-${CONFIGURATION}-input-files.xcfilelist",
			);
			name = "[CP] Embed Pods Frameworks";
			outputFileListPaths = (
				"${PODS_ROOT}/Target Support Files/Pods-Tasfya/Pods-Tasfya-frameworks-${CONFIGURATION}-output-files.xcfilelist",
			);
			runOnlyForDeploymentPostprocessing = 0;
			shellPath = /bin/sh;
			shellScript = "\"${PODS_ROOT}/Target Support Files/Pods-Tasfya/Pods-Tasfya-frameworks.sh\"\n";
			showEnvVarsInLog = 0;
		};
		9CD75B6F2C43BFCAF373664A /* [CP] Check Pods Manifest.lock */ = {
			isa = PBXShellScriptBuildPhase;
			buildActionMask = 2147483647;
			files = (
			);
			inputFileListPaths = (
			);
			inputPaths = (
				"${PODS_PODFILE_DIR_PATH}/Podfile.lock",
				"${PODS_ROOT}/Manifest.lock",
			);
			name = "[CP] Check Pods Manifest.lock";
			outputFileListPaths = (
			);
			outputPaths = (
				"$(DERIVED_FILE_DIR)/Pods-Tasfya-checkManifestLockResult.txt",
			);
			runOnlyForDeploymentPostprocessing = 0;
			shellPath = /bin/sh;
			shellScript = "diff \"${PODS_PODFILE_DIR_PATH}/Podfile.lock\" \"${PODS_ROOT}/Manifest.lock\" > /dev/null\nif [ $? != 0 ] ; then\n    # print error to STDERR\n    echo \"error: The sandbox is not in sync with the Podfile.lock. Run 'pod install' or update your CocoaPods installation.\" >&2\n    exit 1\nfi\n# This output is used by Xcode 'outputs' to avoid re-running this script phase.\necho \"SUCCESS\" > \"${SCRIPT_OUTPUT_FILE_0}\"\n";
			showEnvVarsInLog = 0;
		};
		F8F5D3230FFE2C34D9636BC0 /* [CP] Copy Pods Resources */ = {
			isa = PBXShellScriptBuildPhase;
			buildActionMask = 2147483647;
			files = (
			);
			inputFileListPaths = (
				"${PODS_ROOT}/Target Support Files/Pods-Tasfya/Pods-Tasfya-resources-${CONFIGURATION}-input-files.xcfilelist",
			);
			name = "[CP] Copy Pods Resources";
			outputFileListPaths = (
				"${PODS_ROOT}/Target Support Files/Pods-Tasfya/Pods-Tasfya-resources-${CONFIGURATION}-output-files.xcfilelist",
			);
			runOnlyForDeploymentPostprocessing = 0;
			shellPath = /bin/sh;
			shellScript = "\"${PODS_ROOT}/Target Support Files/Pods-Tasfya/Pods-Tasfya-resources.sh\"\n";
			showEnvVarsInLog = 0;
		};
/* End PBXShellScriptBuildPhase section */

/* Begin PBXSourcesBuildPhase section */
		5B4F10202619FD600031C7F9 /* Sources */ = {
			isa = PBXSourcesBuildPhase;
			buildActionMask = 2147483647;
			files = (
				5B7BD92A261B201800AF1253 /* Constants.swift in Sources */,
				5BFB12C6261F14F200FB655E /* SideMenuDelegate.swift in Sources */,
				5B80968C2630275300C71A24 /* CurrentUser.swift in Sources */,
				5B7683FD26E0F6B40029E2D0 /* SearchVC.swift in Sources */,
				5BFB1271261F056C00FB655E /* SideMenuVC.swift in Sources */,
				5BFB1279261F065200FB655E /* UIImageView+Extension.swift in Sources */,
				5B83D628261C503F00A50228 /* PickerTF.swift in Sources */,
				5BB4A2F726AEF21B00153AC8 /* ImagePicker.swift in Sources */,
				5B4A33B426DE756F00CA9659 /* MainCVCell.swift in Sources */,
				5B49072926D13FCF00CD1040 /* String+Extension.swift in Sources */,
				5B83D657261C941B00A50228 /* ReusableView.swift in Sources */,
				5B3BC12B26DFC14300D210BF /* MainScreenVC.swift in Sources */,
				5B785B0F262D9A3700C6CA58 /* UIViewController+Extension.swift in Sources */,
				5B4F10282619FD600031C7F9 /* AppDelegate.swift in Sources */,
				5B3BC12E26DFCC5700D210BF /* UIView+Extension.swift in Sources */,
				5B76840C26E117B30029E2D0 /* CategoriesCell.swift in Sources */,
				5B3BC12826DF892000D210BF /* PagingControlVC.swift in Sources */,
				5B45DD8826E60E62005069B1 /* MyOrdersVC.swift in Sources */,
				5B25506A26E4C3BC0075C433 /* ShopVC.swift in Sources */,
				5B70790726DE3D13002F9C3B /* HomeScreenVC.swift in Sources */,
				5B76840226E0FA590029E2D0 /* SearchCell.swift in Sources */,
				5B45DD8D26E6156D005069B1 /* OrdersCell.swift in Sources */,
				5B7BD927261B18B800AF1253 /* UITextField+Extension.swift in Sources */,
				5B76840726E1164A0029E2D0 /* CategoriesVC.swift in Sources */,
				5BFB1273261F056C00FB655E /* SideMenuCell.swift in Sources */,
				5B785B09262D8A7600C6CA58 /* LanguageHandler.swift in Sources */,
				5B25506F26E4C7EC0075C433 /* MyAccountVC.swift in Sources */,
				5B6D66D226E4F8BE00C326D1 /* Services.swift in Sources */,
				5BE0FAB326231EA5002F22F2 /* SetRootVC.swift in Sources */,
				5B4F102A2619FD600031C7F9 /* SceneDelegate.swift in Sources */,
				5B16D1CA26B8120300576A60 /* CategoryModel.swift in Sources */,
				5B785B0C262D91DD00C6CA58 /* UICollectionView+Extension.swift in Sources */,
				5B80968F2630416D00C71A24 /* NavigationDelegate.swift in Sources */,
				5BFB126A261F054F00FB655E /* BaseVC.swift in Sources */,
				5B7683F926E0CD3C0029E2D0 /* MainScreenModel.swift in Sources */,
			);
			runOnlyForDeploymentPostprocessing = 0;
		};
/* End PBXSourcesBuildPhase section */

/* Begin PBXVariantGroup section */
		5B4F10322619FD610031C7F9 /* LaunchScreen.storyboard */ = {
			isa = PBXVariantGroup;
			children = (
				5B4F10332619FD610031C7F9 /* Base */,
			);
			name = LaunchScreen.storyboard;
			sourceTree = "<group>";
		};
		5B785B16262D9D3C00C6CA58 /* Localizable.strings */ = {
			isa = PBXVariantGroup;
			children = (
				5B785B15262D9D3C00C6CA58 /* en */,
				5B785B18262D9D5000C6CA58 /* ar */,
			);
			name = Localizable.strings;
			sourceTree = "<group>";
		};
/* End PBXVariantGroup section */

/* Begin XCBuildConfiguration section */
		5B4F10362619FD610031C7F9 /* Debug */ = {
			isa = XCBuildConfiguration;
			buildSettings = {
				ALWAYS_SEARCH_USER_PATHS = NO;
				CLANG_ANALYZER_LOCALIZABILITY_NONLOCALIZED = YES;
				CLANG_ANALYZER_NONNULL = YES;
				CLANG_ANALYZER_NUMBER_OBJECT_CONVERSION = YES_AGGRESSIVE;
				CLANG_CXX_LANGUAGE_STANDARD = "gnu++14";
				CLANG_CXX_LIBRARY = "libc++";
				CLANG_ENABLE_MODULES = YES;
				CLANG_ENABLE_OBJC_ARC = YES;
				CLANG_ENABLE_OBJC_WEAK = YES;
				CLANG_WARN_BLOCK_CAPTURE_AUTORELEASING = YES;
				CLANG_WARN_BOOL_CONVERSION = YES;
				CLANG_WARN_COMMA = YES;
				CLANG_WARN_CONSTANT_CONVERSION = YES;
				CLANG_WARN_DEPRECATED_OBJC_IMPLEMENTATIONS = YES;
				CLANG_WARN_DIRECT_OBJC_ISA_USAGE = YES_ERROR;
				CLANG_WARN_DOCUMENTATION_COMMENTS = YES;
				CLANG_WARN_EMPTY_BODY = YES;
				CLANG_WARN_ENUM_CONVERSION = YES;
				CLANG_WARN_INFINITE_RECURSION = YES;
				CLANG_WARN_INT_CONVERSION = YES;
				CLANG_WARN_NON_LITERAL_NULL_CONVERSION = YES;
				CLANG_WARN_OBJC_IMPLICIT_RETAIN_SELF = YES;
				CLANG_WARN_OBJC_LITERAL_CONVERSION = YES;
				CLANG_WARN_OBJC_ROOT_CLASS = YES_ERROR;
				CLANG_WARN_QUOTED_INCLUDE_IN_FRAMEWORK_HEADER = YES;
				CLANG_WARN_RANGE_LOOP_ANALYSIS = YES;
				CLANG_WARN_STRICT_PROTOTYPES = YES;
				CLANG_WARN_SUSPICIOUS_MOVE = YES;
				CLANG_WARN_UNGUARDED_AVAILABILITY = YES_AGGRESSIVE;
				CLANG_WARN_UNREACHABLE_CODE = YES;
				CLANG_WARN__DUPLICATE_METHOD_MATCH = YES;
				COPY_PHASE_STRIP = NO;
				DEBUG_INFORMATION_FORMAT = dwarf;
				ENABLE_STRICT_OBJC_MSGSEND = YES;
				ENABLE_TESTABILITY = YES;
				GCC_C_LANGUAGE_STANDARD = gnu11;
				GCC_DYNAMIC_NO_PIC = NO;
				GCC_NO_COMMON_BLOCKS = YES;
				GCC_OPTIMIZATION_LEVEL = 0;
				GCC_PREPROCESSOR_DEFINITIONS = (
					"DEBUG=1",
					"$(inherited)",
				);
				GCC_WARN_64_TO_32_BIT_CONVERSION = YES;
				GCC_WARN_ABOUT_RETURN_TYPE = YES_ERROR;
				GCC_WARN_UNDECLARED_SELECTOR = YES;
				GCC_WARN_UNINITIALIZED_AUTOS = YES_AGGRESSIVE;
				GCC_WARN_UNUSED_FUNCTION = YES;
				GCC_WARN_UNUSED_VARIABLE = YES;
				IPHONEOS_DEPLOYMENT_TARGET = 14.4;
				MTL_ENABLE_DEBUG_INFO = INCLUDE_SOURCE;
				MTL_FAST_MATH = YES;
				ONLY_ACTIVE_ARCH = YES;
				SDKROOT = iphoneos;
				SWIFT_ACTIVE_COMPILATION_CONDITIONS = DEBUG;
				SWIFT_OPTIMIZATION_LEVEL = "-Onone";
			};
			name = Debug;
		};
		5B4F10372619FD610031C7F9 /* Release */ = {
			isa = XCBuildConfiguration;
			buildSettings = {
				ALWAYS_SEARCH_USER_PATHS = NO;
				CLANG_ANALYZER_LOCALIZABILITY_NONLOCALIZED = YES;
				CLANG_ANALYZER_NONNULL = YES;
				CLANG_ANALYZER_NUMBER_OBJECT_CONVERSION = YES_AGGRESSIVE;
				CLANG_CXX_LANGUAGE_STANDARD = "gnu++14";
				CLANG_CXX_LIBRARY = "libc++";
				CLANG_ENABLE_MODULES = YES;
				CLANG_ENABLE_OBJC_ARC = YES;
				CLANG_ENABLE_OBJC_WEAK = YES;
				CLANG_WARN_BLOCK_CAPTURE_AUTORELEASING = YES;
				CLANG_WARN_BOOL_CONVERSION = YES;
				CLANG_WARN_COMMA = YES;
				CLANG_WARN_CONSTANT_CONVERSION = YES;
				CLANG_WARN_DEPRECATED_OBJC_IMPLEMENTATIONS = YES;
				CLANG_WARN_DIRECT_OBJC_ISA_USAGE = YES_ERROR;
				CLANG_WARN_DOCUMENTATION_COMMENTS = YES;
				CLANG_WARN_EMPTY_BODY = YES;
				CLANG_WARN_ENUM_CONVERSION = YES;
				CLANG_WARN_INFINITE_RECURSION = YES;
				CLANG_WARN_INT_CONVERSION = YES;
				CLANG_WARN_NON_LITERAL_NULL_CONVERSION = YES;
				CLANG_WARN_OBJC_IMPLICIT_RETAIN_SELF = YES;
				CLANG_WARN_OBJC_LITERAL_CONVERSION = YES;
				CLANG_WARN_OBJC_ROOT_CLASS = YES_ERROR;
				CLANG_WARN_QUOTED_INCLUDE_IN_FRAMEWORK_HEADER = YES;
				CLANG_WARN_RANGE_LOOP_ANALYSIS = YES;
				CLANG_WARN_STRICT_PROTOTYPES = YES;
				CLANG_WARN_SUSPICIOUS_MOVE = YES;
				CLANG_WARN_UNGUARDED_AVAILABILITY = YES_AGGRESSIVE;
				CLANG_WARN_UNREACHABLE_CODE = YES;
				CLANG_WARN__DUPLICATE_METHOD_MATCH = YES;
				COPY_PHASE_STRIP = NO;
				DEBUG_INFORMATION_FORMAT = "dwarf-with-dsym";
				ENABLE_NS_ASSERTIONS = NO;
				ENABLE_STRICT_OBJC_MSGSEND = YES;
				GCC_C_LANGUAGE_STANDARD = gnu11;
				GCC_NO_COMMON_BLOCKS = YES;
				GCC_WARN_64_TO_32_BIT_CONVERSION = YES;
				GCC_WARN_ABOUT_RETURN_TYPE = YES_ERROR;
				GCC_WARN_UNDECLARED_SELECTOR = YES;
				GCC_WARN_UNINITIALIZED_AUTOS = YES_AGGRESSIVE;
				GCC_WARN_UNUSED_FUNCTION = YES;
				GCC_WARN_UNUSED_VARIABLE = YES;
				IPHONEOS_DEPLOYMENT_TARGET = 14.4;
				MTL_ENABLE_DEBUG_INFO = NO;
				MTL_FAST_MATH = YES;
				SDKROOT = iphoneos;
				SWIFT_COMPILATION_MODE = wholemodule;
				SWIFT_OPTIMIZATION_LEVEL = "-O";
				VALIDATE_PRODUCT = YES;
			};
			name = Release;
		};
		5B4F10392619FD610031C7F9 /* Debug */ = {
			isa = XCBuildConfiguration;
			baseConfigurationReference = C200C44EC326BE2CEFB943C9 /* Pods-Tasfya.debug.xcconfig */;
			buildSettings = {
				ASSETCATALOG_COMPILER_APPICON_NAME = AppIcon;
				ASSETCATALOG_COMPILER_GLOBAL_ACCENT_COLOR_NAME = AccentColor;
				CODE_SIGN_ENTITLEMENTS = Tasfya/Tasfya.entitlements;
				CODE_SIGN_STYLE = Automatic;
				DEVELOPMENT_TEAM = 3W7KRDUDN4;
				INFOPLIST_FILE = Tasfya/SupportFiles/Info.plist;
				IPHONEOS_DEPLOYMENT_TARGET = 12.1;
				LD_RUNPATH_SEARCH_PATHS = (
					"$(inherited)",
					"@executable_path/Frameworks",
				);
				PRODUCT_BUNDLE_IDENTIFIER = ws.bmsc.Tasfya;
				PRODUCT_NAME = "$(TARGET_NAME)";
				SWIFT_VERSION = 5.0;
				TARGETED_DEVICE_FAMILY = "1,2";
			};
			name = Debug;
		};
		5B4F103A2619FD610031C7F9 /* Release */ = {
			isa = XCBuildConfiguration;
			baseConfigurationReference = 5ABE929916A47450FD4B1CE3 /* Pods-Tasfya.release.xcconfig */;
			buildSettings = {
				ASSETCATALOG_COMPILER_APPICON_NAME = AppIcon;
				ASSETCATALOG_COMPILER_GLOBAL_ACCENT_COLOR_NAME = AccentColor;
				CODE_SIGN_ENTITLEMENTS = Tasfya/Tasfya.entitlements;
				CODE_SIGN_STYLE = Automatic;
				DEVELOPMENT_TEAM = 3W7KRDUDN4;
				INFOPLIST_FILE = Tasfya/SupportFiles/Info.plist;
				IPHONEOS_DEPLOYMENT_TARGET = 12.1;
				LD_RUNPATH_SEARCH_PATHS = (
					"$(inherited)",
					"@executable_path/Frameworks",
				);
				PRODUCT_BUNDLE_IDENTIFIER = ws.bmsc.Tasfya;
				PRODUCT_NAME = "$(TARGET_NAME)";
				SWIFT_VERSION = 5.0;
				TARGETED_DEVICE_FAMILY = "1,2";
			};
			name = Release;
		};
/* End XCBuildConfiguration section */

/* Begin XCConfigurationList section */
		5B4F101F2619FD600031C7F9 /* Build configuration list for PBXProject "Tasfya" */ = {
			isa = XCConfigurationList;
			buildConfigurations = (
				5B4F10362619FD610031C7F9 /* Debug */,
				5B4F10372619FD610031C7F9 /* Release */,
			);
			defaultConfigurationIsVisible = 0;
			defaultConfigurationName = Release;
		};
		5B4F10382619FD610031C7F9 /* Build configuration list for PBXNativeTarget "Tasfya" */ = {
			isa = XCConfigurationList;
			buildConfigurations = (
				5B4F10392619FD610031C7F9 /* Debug */,
				5B4F103A2619FD610031C7F9 /* Release */,
			);
			defaultConfigurationIsVisible = 0;
			defaultConfigurationName = Release;
		};
/* End XCConfigurationList section */
	};
	rootObject = 5B4F101C2619FD600031C7F9 /* Project object */;
}
